// !$*UTF8*$!
{
	archiveVersion = 1;
	classes = {
	};
	objectVersion = 48;
	objects = {

/* Begin PBXBuildFile section */
		3417A91C1F3C1923009EC015 /* CarModelDecodableEntity.swift in Sources */ = {isa = PBXBuildFile; fileRef = 3417A91B1F3C1923009EC015 /* CarModelDecodableEntity.swift */; };
		3417A91E1F3C19B7009EC015 /* CarModels.json in Resources */ = {isa = PBXBuildFile; fileRef = 3417A91D1F3C19B7009EC015 /* CarModels.json */; };
		3417A9201F3C1A81009EC015 /* CarModelDecodableEntityTests.swift in Sources */ = {isa = PBXBuildFile; fileRef = 3417A91F1F3C1A81009EC015 /* CarModelDecodableEntityTests.swift */; };
		3469A3411F3BFF67004A0934 /* AppDelegate.swift in Sources */ = {isa = PBXBuildFile; fileRef = 3469A3401F3BFF67004A0934 /* AppDelegate.swift */; };
		3469A3481F3BFF67004A0934 /* Assets.xcassets in Resources */ = {isa = PBXBuildFile; fileRef = 3469A3471F3BFF67004A0934 /* Assets.xcassets */; };
		3469A34B1F3BFF67004A0934 /* LaunchScreen.storyboard in Resources */ = {isa = PBXBuildFile; fileRef = 3469A3491F3BFF67004A0934 /* LaunchScreen.storyboard */; };
		34C893C41F3C01820023D3E9 /* BrandDecodableEntity.swift in Sources */ = {isa = PBXBuildFile; fileRef = 34C893C31F3C01750023D3E9 /* BrandDecodableEntity.swift */; };
		34C893C91F3C01A70023D3E9 /* JSONDecoder+Decode.swift in Sources */ = {isa = PBXBuildFile; fileRef = 34C893C61F3C01A10023D3E9 /* JSONDecoder+Decode.swift */; };
		34C893CA1F3C01A70023D3E9 /* NSManagedObjectContext+InMemory.swift in Sources */ = {isa = PBXBuildFile; fileRef = 34C893C71F3C01A10023D3E9 /* NSManagedObjectContext+InMemory.swift */; };
		34C893CB1F3C01A70023D3E9 /* XCTestCase+LoadJson.swift in Sources */ = {isa = PBXBuildFile; fileRef = 34C893C81F3C01A10023D3E9 /* XCTestCase+LoadJson.swift */; };
		34C893D31F3C01B90023D3E9 /* BrandDecodableEntityTests.swift in Sources */ = {isa = PBXBuildFile; fileRef = 34C893CF1F3C01B10023D3E9 /* BrandDecodableEntityTests.swift */; };
		34C893D41F3C01C70023D3E9 /* Brands.json in Resources */ = {isa = PBXBuildFile; fileRef = 34C893D21F3C01B10023D3E9 /* Brands.json */; };
/* End PBXBuildFile section */

/* Begin PBXContainerItemProxy section */
		3469A35C1F3C004B004A0934 /* PBXContainerItemProxy */ = {
			isa = PBXContainerItemProxy;
			containerPortal = 3469A3351F3BFF67004A0934 /* Project object */;
			proxyType = 1;
			remoteGlobalIDString = 3469A33C1F3BFF67004A0934;
			remoteInfo = Carbrito;
		};
/* End PBXContainerItemProxy section */

/* Begin PBXFileReference section */
		3417A91B1F3C1923009EC015 /* CarModelDecodableEntity.swift */ = {isa = PBXFileReference; lastKnownFileType = sourcecode.swift; path = CarModelDecodableEntity.swift; sourceTree = "<group>"; };
		3417A91D1F3C19B7009EC015 /* CarModels.json */ = {isa = PBXFileReference; fileEncoding = 4; lastKnownFileType = text.json; path = CarModels.json; sourceTree = "<group>"; };
		3417A91F1F3C1A81009EC015 /* CarModelDecodableEntityTests.swift */ = {isa = PBXFileReference; lastKnownFileType = sourcecode.swift; path = CarModelDecodableEntityTests.swift; sourceTree = "<group>"; };
		3469A33D1F3BFF67004A0934 /* Carbrito.app */ = {isa = PBXFileReference; explicitFileType = wrapper.application; includeInIndex = 0; path = Carbrito.app; sourceTree = BUILT_PRODUCTS_DIR; };
		3469A3401F3BFF67004A0934 /* AppDelegate.swift */ = {isa = PBXFileReference; lastKnownFileType = sourcecode.swift; path = AppDelegate.swift; sourceTree = "<group>"; };
		3469A3471F3BFF67004A0934 /* Assets.xcassets */ = {isa = PBXFileReference; lastKnownFileType = folder.assetcatalog; path = Assets.xcassets; sourceTree = "<group>"; };
		3469A34A1F3BFF67004A0934 /* Base */ = {isa = PBXFileReference; lastKnownFileType = file.storyboard; name = Base; path = Base.lproj/LaunchScreen.storyboard; sourceTree = "<group>"; };
		3469A34C1F3BFF67004A0934 /* Info.plist */ = {isa = PBXFileReference; lastKnownFileType = text.plist.xml; path = Info.plist; sourceTree = "<group>"; };
		3469A3571F3C004B004A0934 /* CarbritoUnitTests.xctest */ = {isa = PBXFileReference; explicitFileType = wrapper.cfbundle; includeInIndex = 0; path = CarbritoUnitTests.xctest; sourceTree = BUILT_PRODUCTS_DIR; };
		3469A35B1F3C004B004A0934 /* Info.plist */ = {isa = PBXFileReference; lastKnownFileType = text.plist.xml; path = Info.plist; sourceTree = "<group>"; };
		34C893C31F3C01750023D3E9 /* BrandDecodableEntity.swift */ = {isa = PBXFileReference; lastKnownFileType = sourcecode.swift; path = BrandDecodableEntity.swift; sourceTree = "<group>"; };
		34C893C61F3C01A10023D3E9 /* JSONDecoder+Decode.swift */ = {isa = PBXFileReference; lastKnownFileType = sourcecode.swift; path = "JSONDecoder+Decode.swift"; sourceTree = "<group>"; };
		34C893C71F3C01A10023D3E9 /* NSManagedObjectContext+InMemory.swift */ = {isa = PBXFileReference; lastKnownFileType = sourcecode.swift; path = "NSManagedObjectContext+InMemory.swift"; sourceTree = "<group>"; };
		34C893C81F3C01A10023D3E9 /* XCTestCase+LoadJson.swift */ = {isa = PBXFileReference; lastKnownFileType = sourcecode.swift; path = "XCTestCase+LoadJson.swift"; sourceTree = "<group>"; };
		34C893CF1F3C01B10023D3E9 /* BrandDecodableEntityTests.swift */ = {isa = PBXFileReference; lastKnownFileType = sourcecode.swift; path = BrandDecodableEntityTests.swift; sourceTree = "<group>"; };
		34C893D21F3C01B10023D3E9 /* Brands.json */ = {isa = PBXFileReference; lastKnownFileType = text.json; path = Brands.json; sourceTree = "<group>"; };
/* End PBXFileReference section */

/* Begin PBXFrameworksBuildPhase section */
		3469A33A1F3BFF67004A0934 /* Frameworks */ = {
			isa = PBXFrameworksBuildPhase;
			buildActionMask = 2147483647;
			files = (
			);
			runOnlyForDeploymentPostprocessing = 0;
		};
		3469A3541F3C004B004A0934 /* Frameworks */ = {
			isa = PBXFrameworksBuildPhase;
			buildActionMask = 2147483647;
			files = (
			);
			runOnlyForDeploymentPostprocessing = 0;
		};
/* End PBXFrameworksBuildPhase section */

/* Begin PBXGroup section */
		3469A3341F3BFF67004A0934 = {
			isa = PBXGroup;
			children = (
				3469A33F1F3BFF67004A0934 /* Carbrito */,
				3469A3581F3C004B004A0934 /* CarbritoUnitTests */,
				3469A33E1F3BFF67004A0934 /* Products */,
			);
			sourceTree = "<group>";
		};
		3469A33E1F3BFF67004A0934 /* Products */ = {
			isa = PBXGroup;
			children = (
				3469A33D1F3BFF67004A0934 /* Carbrito.app */,
				3469A3571F3C004B004A0934 /* CarbritoUnitTests.xctest */,
			);
			name = Products;
			sourceTree = "<group>";
		};
		3469A33F1F3BFF67004A0934 /* Carbrito */ = {
			isa = PBXGroup;
			children = (
				34C893C01F3C01750023D3E9 /* Cars */,
				3469A3521F3BFF81004A0934 /* Essentials */,
			);
			path = Carbrito;
			sourceTree = "<group>";
		};
		3469A3521F3BFF81004A0934 /* Essentials */ = {
			isa = PBXGroup;
			children = (
				3469A3401F3BFF67004A0934 /* AppDelegate.swift */,
				3469A3471F3BFF67004A0934 /* Assets.xcassets */,
				3469A34C1F3BFF67004A0934 /* Info.plist */,
				3469A3491F3BFF67004A0934 /* LaunchScreen.storyboard */,
			);
			path = Essentials;
			sourceTree = "<group>";
		};
		3469A3581F3C004B004A0934 /* CarbritoUnitTests */ = {
			isa = PBXGroup;
			children = (
				34C893CC1F3C01B10023D3E9 /* Cars */,
				34C893BF1F3C01190023D3E9 /* Essentials */,
			);
			path = CarbritoUnitTests;
			sourceTree = "<group>";
		};
		34C893BF1F3C01190023D3E9 /* Essentials */ = {
			isa = PBXGroup;
			children = (
				34C893C51F3C01A10023D3E9 /* Extensions */,
				3469A35B1F3C004B004A0934 /* Info.plist */,
			);
			path = Essentials;
			sourceTree = "<group>";
		};
		34C893C01F3C01750023D3E9 /* Cars */ = {
			isa = PBXGroup;
			children = (
				34C893C11F3C01750023D3E9 /* Core */,
			);
			path = Cars;
			sourceTree = "<group>";
		};
		34C893C11F3C01750023D3E9 /* Core */ = {
			isa = PBXGroup;
			children = (
				34C893C21F3C01750023D3E9 /* Entities */,
			);
			path = Core;
			sourceTree = "<group>";
		};
		34C893C21F3C01750023D3E9 /* Entities */ = {
			isa = PBXGroup;
			children = (
				34C893C31F3C01750023D3E9 /* BrandDecodableEntity.swift */,
				3417A91B1F3C1923009EC015 /* CarModelDecodableEntity.swift */,
			);
			path = Entities;
			sourceTree = "<group>";
		};
		34C893C51F3C01A10023D3E9 /* Extensions */ = {
			isa = PBXGroup;
			children = (
				34C893C61F3C01A10023D3E9 /* JSONDecoder+Decode.swift */,
				34C893C71F3C01A10023D3E9 /* NSManagedObjectContext+InMemory.swift */,
				34C893C81F3C01A10023D3E9 /* XCTestCase+LoadJson.swift */,
			);
			path = Extensions;
			sourceTree = "<group>";
		};
		34C893CC1F3C01B10023D3E9 /* Cars */ = {
			isa = PBXGroup;
			children = (
				34C893CD1F3C01B10023D3E9 /* Core */,
				34C893D01F3C01B10023D3E9 /* Doubles */,
			);
			path = Cars;
			sourceTree = "<group>";
		};
		34C893CD1F3C01B10023D3E9 /* Core */ = {
			isa = PBXGroup;
			children = (
				34C893CE1F3C01B10023D3E9 /* Entities */,
			);
			path = Core;
			sourceTree = "<group>";
		};
		34C893CE1F3C01B10023D3E9 /* Entities */ = {
			isa = PBXGroup;
			children = (
				34C893CF1F3C01B10023D3E9 /* BrandDecodableEntityTests.swift */,
				3417A91F1F3C1A81009EC015 /* CarModelDecodableEntityTests.swift */,
			);
			path = Entities;
			sourceTree = "<group>";
		};
		34C893D01F3C01B10023D3E9 /* Doubles */ = {
			isa = PBXGroup;
			children = (
				34C893D11F3C01B10023D3E9 /* Json */,
			);
			path = Doubles;
			sourceTree = "<group>";
		};
		34C893D11F3C01B10023D3E9 /* Json */ = {
			isa = PBXGroup;
			children = (
				3417A91D1F3C19B7009EC015 /* CarModels.json */,
				34C893D21F3C01B10023D3E9 /* Brands.json */,
			);
			path = Json;
			sourceTree = "<group>";
		};
/* End PBXGroup section */

/* Begin PBXNativeTarget section */
		3469A33C1F3BFF67004A0934 /* Carbrito */ = {
			isa = PBXNativeTarget;
			buildConfigurationList = 3469A34F1F3BFF67004A0934 /* Build configuration list for PBXNativeTarget "Carbrito" */;
			buildPhases = (
				3469A3391F3BFF67004A0934 /* Sources */,
				3469A33A1F3BFF67004A0934 /* Frameworks */,
				3469A33B1F3BFF67004A0934 /* Resources */,
				3417A9211F3C1BC1009EC015 /* Swift Lint */,
			);
			buildRules = (
			);
			dependencies = (
			);
			name = Carbrito;
			productName = Carbrito;
			productReference = 3469A33D1F3BFF67004A0934 /* Carbrito.app */;
			productType = "com.apple.product-type.application";
		};
		3469A3561F3C004B004A0934 /* CarbritoUnitTests */ = {
			isa = PBXNativeTarget;
			buildConfigurationList = 3469A35E1F3C004B004A0934 /* Build configuration list for PBXNativeTarget "CarbritoUnitTests" */;
			buildPhases = (
				3469A3531F3C004B004A0934 /* Sources */,
				3469A3541F3C004B004A0934 /* Frameworks */,
				3469A3551F3C004B004A0934 /* Resources */,
			);
			buildRules = (
			);
			dependencies = (
				3469A35D1F3C004B004A0934 /* PBXTargetDependency */,
			);
			name = CarbritoUnitTests;
			productName = CarbritoUnitTests;
			productReference = 3469A3571F3C004B004A0934 /* CarbritoUnitTests.xctest */;
			productType = "com.apple.product-type.bundle.unit-test";
		};
/* End PBXNativeTarget section */

/* Begin PBXProject section */
		3469A3351F3BFF67004A0934 /* Project object */ = {
			isa = PBXProject;
			attributes = {
				LastSwiftUpdateCheck = 0900;
				LastUpgradeCheck = 0900;
				ORGANIZATIONNAME = "Ronan R. Nunes";
				TargetAttributes = {
					3469A33C1F3BFF67004A0934 = {
						CreatedOnToolsVersion = 9.0;
					};
					3469A3561F3C004B004A0934 = {
						CreatedOnToolsVersion = 9.0;
						TestTargetID = 3469A33C1F3BFF67004A0934;
					};
				};
			};
			buildConfigurationList = 3469A3381F3BFF67004A0934 /* Build configuration list for PBXProject "Carbrito" */;
			compatibilityVersion = "Xcode 8.0";
			developmentRegion = en;
			hasScannedForEncodings = 0;
			knownRegions = (
				en,
				Base,
			);
			mainGroup = 3469A3341F3BFF67004A0934;
			productRefGroup = 3469A33E1F3BFF67004A0934 /* Products */;
			projectDirPath = "";
			projectRoot = "";
			targets = (
				3469A33C1F3BFF67004A0934 /* Carbrito */,
				3469A3561F3C004B004A0934 /* CarbritoUnitTests */,
			);
		};
/* End PBXProject section */

/* Begin PBXResourcesBuildPhase section */
		3469A33B1F3BFF67004A0934 /* Resources */ = {
			isa = PBXResourcesBuildPhase;
			buildActionMask = 2147483647;
			files = (
				3469A34B1F3BFF67004A0934 /* LaunchScreen.storyboard in Resources */,
				3469A3481F3BFF67004A0934 /* Assets.xcassets in Resources */,
			);
			runOnlyForDeploymentPostprocessing = 0;
		};
		3469A3551F3C004B004A0934 /* Resources */ = {
			isa = PBXResourcesBuildPhase;
			buildActionMask = 2147483647;
			files = (
				3417A91E1F3C19B7009EC015 /* CarModels.json in Resources */,
				34C893D41F3C01C70023D3E9 /* Brands.json in Resources */,
			);
			runOnlyForDeploymentPostprocessing = 0;
		};
/* End PBXResourcesBuildPhase section */

/* Begin PBXShellScriptBuildPhase section */
		3417A9211F3C1BC1009EC015 /* Swift Lint */ = {
			isa = PBXShellScriptBuildPhase;
			buildActionMask = 2147483647;
			files = (
			);
			inputPaths = (
			);
			name = "Swift Lint";
			outputPaths = (
			);
			runOnlyForDeploymentPostprocessing = 0;
			shellPath = /bin/sh;
			shellScript = "if which swiftlint >/dev/null; then\n    swiftlint\nelse\n    echo \"Install SwiftLint: https://github.com/realm/SwiftLint\"\nfi";
		};
/* End PBXShellScriptBuildPhase section */

/* Begin PBXSourcesBuildPhase section */
		3469A3391F3BFF67004A0934 /* Sources */ = {
			isa = PBXSourcesBuildPhase;
			buildActionMask = 2147483647;
			files = (
				34C893C41F3C01820023D3E9 /* BrandDecodableEntity.swift in Sources */,
				3469A3411F3BFF67004A0934 /* AppDelegate.swift in Sources */,
				3417A91C1F3C1923009EC015 /* CarModelDecodableEntity.swift in Sources */,
			);
			runOnlyForDeploymentPostprocessing = 0;
		};
		3469A3531F3C004B004A0934 /* Sources */ = {
			isa = PBXSourcesBuildPhase;
			buildActionMask = 2147483647;
			files = (
				34C893D31F3C01B90023D3E9 /* BrandDecodableEntityTests.swift in Sources */,
				34C893C91F3C01A70023D3E9 /* JSONDecoder+Decode.swift in Sources */,
				3417A9201F3C1A81009EC015 /* CarModelDecodableEntityTests.swift in Sources */,
				34C893CB1F3C01A70023D3E9 /* XCTestCase+LoadJson.swift in Sources */,
				34C893CA1F3C01A70023D3E9 /* NSManagedObjectContext+InMemory.swift in Sources */,
			);
			runOnlyForDeploymentPostprocessing = 0;
		};
/* End PBXSourcesBuildPhase section */

/* Begin PBXTargetDependency section */
		3469A35D1F3C004B004A0934 /* PBXTargetDependency */ = {
			isa = PBXTargetDependency;
			target = 3469A33C1F3BFF67004A0934 /* Carbrito */;
			targetProxy = 3469A35C1F3C004B004A0934 /* PBXContainerItemProxy */;
		};
/* End PBXTargetDependency section */

/* Begin PBXVariantGroup section */
		3469A3491F3BFF67004A0934 /* LaunchScreen.storyboard */ = {
			isa = PBXVariantGroup;
			children = (
				3469A34A1F3BFF67004A0934 /* Base */,
			);
			name = LaunchScreen.storyboard;
			sourceTree = "<group>";
		};
/* End PBXVariantGroup section */

/* Begin XCBuildConfiguration section */
		3469A34D1F3BFF67004A0934 /* Debug */ = {
			isa = XCBuildConfiguration;
			buildSettings = {
				ALWAYS_SEARCH_USER_PATHS = NO;
				CLANG_ANALYZER_NONNULL = YES;
				CLANG_ANALYZER_NUMBER_OBJECT_CONVERSION = YES_AGGRESSIVE;
				CLANG_CXX_LANGUAGE_STANDARD = "gnu++14";
				CLANG_CXX_LIBRARY = "libc++";
				CLANG_ENABLE_MODULES = YES;
				CLANG_ENABLE_OBJC_ARC = YES;
				CLANG_WARN_BLOCK_CAPTURE_AUTORELEASING = YES;
				CLANG_WARN_BOOL_CONVERSION = YES;
				CLANG_WARN_COMMA = YES;
				CLANG_WARN_CONSTANT_CONVERSION = YES;
				CLANG_WARN_DIRECT_OBJC_ISA_USAGE = YES_ERROR;
				CLANG_WARN_DOCUMENTATION_COMMENTS = YES;
				CLANG_WARN_EMPTY_BODY = YES;
				CLANG_WARN_ENUM_CONVERSION = YES;
				CLANG_WARN_INFINITE_RECURSION = YES;
				CLANG_WARN_INT_CONVERSION = YES;
				CLANG_WARN_NON_LITERAL_NULL_CONVERSION = YES;
				CLANG_WARN_OBJC_LITERAL_CONVERSION = YES;
				CLANG_WARN_OBJC_ROOT_CLASS = YES_ERROR;
				CLANG_WARN_RANGE_LOOP_ANALYSIS = YES;
				CLANG_WARN_STRICT_PROTOTYPES = YES;
				CLANG_WARN_SUSPICIOUS_MOVE = YES;
				CLANG_WARN_UNGUARDED_AVAILABILITY = YES_AGGRESSIVE;
				CLANG_WARN_UNREACHABLE_CODE = YES;
				CLANG_WARN__DUPLICATE_METHOD_MATCH = YES;
				CODE_SIGN_IDENTITY = "iPhone Developer";
				COPY_PHASE_STRIP = NO;
				DEBUG_INFORMATION_FORMAT = dwarf;
				ENABLE_STRICT_OBJC_MSGSEND = YES;
				ENABLE_TESTABILITY = YES;
				GCC_C_LANGUAGE_STANDARD = gnu11;
				GCC_DYNAMIC_NO_PIC = NO;
				GCC_NO_COMMON_BLOCKS = YES;
				GCC_OPTIMIZATION_LEVEL = 0;
				GCC_PREPROCESSOR_DEFINITIONS = (
					"DEBUG=1",
					"$(inherited)",
				);
				GCC_WARN_64_TO_32_BIT_CONVERSION = YES;
				GCC_WARN_ABOUT_RETURN_TYPE = YES_ERROR;
				GCC_WARN_UNDECLARED_SELECTOR = YES;
				GCC_WARN_UNINITIALIZED_AUTOS = YES_AGGRESSIVE;
				GCC_WARN_UNUSED_FUNCTION = YES;
				GCC_WARN_UNUSED_VARIABLE = YES;
				IPHONEOS_DEPLOYMENT_TARGET = 11.0;
				MTL_ENABLE_DEBUG_INFO = YES;
				ONLY_ACTIVE_ARCH = YES;
				SDKROOT = iphoneos;
				SWIFT_ACTIVE_COMPILATION_CONDITIONS = DEBUG;
				SWIFT_OPTIMIZATION_LEVEL = "-Onone";
			};
			name = Debug;
		};
		3469A34E1F3BFF67004A0934 /* Release */ = {
			isa = XCBuildConfiguration;
			buildSettings = {
				ALWAYS_SEARCH_USER_PATHS = NO;
				CLANG_ANALYZER_NONNULL = YES;
				CLANG_ANALYZER_NUMBER_OBJECT_CONVERSION = YES_AGGRESSIVE;
				CLANG_CXX_LANGUAGE_STANDARD = "gnu++14";
				CLANG_CXX_LIBRARY = "libc++";
				CLANG_ENABLE_MODULES = YES;
				CLANG_ENABLE_OBJC_ARC = YES;
				CLANG_WARN_BLOCK_CAPTURE_AUTORELEASING = YES;
				CLANG_WARN_BOOL_CONVERSION = YES;
				CLANG_WARN_COMMA = YES;
				CLANG_WARN_CONSTANT_CONVERSION = YES;
				CLANG_WARN_DIRECT_OBJC_ISA_USAGE = YES_ERROR;
				CLANG_WARN_DOCUMENTATION_COMMENTS = YES;
				CLANG_WARN_EMPTY_BODY = YES;
				CLANG_WARN_ENUM_CONVERSION = YES;
				CLANG_WARN_INFINITE_RECURSION = YES;
				CLANG_WARN_INT_CONVERSION = YES;
				CLANG_WARN_NON_LITERAL_NULL_CONVERSION = YES;
				CLANG_WARN_OBJC_LITERAL_CONVERSION = YES;
				CLANG_WARN_OBJC_ROOT_CLASS = YES_ERROR;
				CLANG_WARN_RANGE_LOOP_ANALYSIS = YES;
				CLANG_WARN_STRICT_PROTOTYPES = YES;
				CLANG_WARN_SUSPICIOUS_MOVE = YES;
				CLANG_WARN_UNGUARDED_AVAILABILITY = YES_AGGRESSIVE;
				CLANG_WARN_UNREACHABLE_CODE = YES;
				CLANG_WARN__DUPLICATE_METHOD_MATCH = YES;
				CODE_SIGN_IDENTITY = "iPhone Developer";
				COPY_PHASE_STRIP = NO;
				DEBUG_INFORMATION_FORMAT = "dwarf-with-dsym";
				ENABLE_NS_ASSERTIONS = NO;
				ENABLE_STRICT_OBJC_MSGSEND = YES;
				GCC_C_LANGUAGE_STANDARD = gnu11;
				GCC_NO_COMMON_BLOCKS = YES;
				GCC_WARN_64_TO_32_BIT_CONVERSION = YES;
				GCC_WARN_ABOUT_RETURN_TYPE = YES_ERROR;
				GCC_WARN_UNDECLARED_SELECTOR = YES;
				GCC_WARN_UNINITIALIZED_AUTOS = YES_AGGRESSIVE;
				GCC_WARN_UNUSED_FUNCTION = YES;
				GCC_WARN_UNUSED_VARIABLE = YES;
				IPHONEOS_DEPLOYMENT_TARGET = 11.0;
				MTL_ENABLE_DEBUG_INFO = NO;
				SDKROOT = iphoneos;
				SWIFT_OPTIMIZATION_LEVEL = "-Owholemodule";
				VALIDATE_PRODUCT = YES;
			};
			name = Release;
		};
		3469A3501F3BFF67004A0934 /* Debug */ = {
			isa = XCBuildConfiguration;
			buildSettings = {
				ASSETCATALOG_COMPILER_APPICON_NAME = AppIcon;
				INFOPLIST_FILE = "$(SRCROOT)/Carbrito/Essentials/Info.plist";
				LD_RUNPATH_SEARCH_PATHS = "$(inherited) @executable_path/Frameworks";
				PRODUCT_BUNDLE_IDENTIFIER = com.ronanrodrigo.Carbrito;
				PRODUCT_NAME = "$(TARGET_NAME)";
				SWIFT_VERSION = 4.0;
				TARGETED_DEVICE_FAMILY = "1,2";
			};
			name = Debug;
		};
		3469A3511F3BFF67004A0934 /* Release */ = {
			isa = XCBuildConfiguration;
			buildSettings = {
				ASSETCATALOG_COMPILER_APPICON_NAME = AppIcon;
				INFOPLIST_FILE = "$(SRCROOT)/Carbrito/Essentials/Info.plist";
				LD_RUNPATH_SEARCH_PATHS = "$(inherited) @executable_path/Frameworks";
				PRODUCT_BUNDLE_IDENTIFIER = com.ronanrodrigo.Carbrito;
				PRODUCT_NAME = "$(TARGET_NAME)";
				SWIFT_VERSION = 4.0;
				TARGETED_DEVICE_FAMILY = "1,2";
			};
			name = Release;
		};
		3469A35F1F3C004B004A0934 /* Debug */ = {
			isa = XCBuildConfiguration;
			buildSettings = {
				BUNDLE_LOADER = "$(TEST_HOST)";
				INFOPLIST_FILE = CarbritoUnitTests/Essentials/Info.plist;
				LD_RUNPATH_SEARCH_PATHS = "$(inherited) @executable_path/Frameworks @loader_path/Frameworks";
				PRODUCT_BUNDLE_IDENTIFIER = com.ronanrodrigo.CarbritoUnitTests;
				PRODUCT_NAME = "$(TARGET_NAME)";
				SWIFT_VERSION = 4.0;
				TARGETED_DEVICE_FAMILY = "1,2";
				TEST_HOST = "$(BUILT_PRODUCTS_DIR)/Carbrito.app/Carbrito";
			};
			name = Debug;
		};
		3469A3601F3C004B004A0934 /* Release */ = {
			isa = XCBuildConfiguration;
			buildSettings = {
				BUNDLE_LOADER = "$(TEST_HOST)";
				INFOPLIST_FILE = CarbritoUnitTests/Essentials/Info.plist;
				LD_RUNPATH_SEARCH_PATHS = "$(inherited) @executable_path/Frameworks @loader_path/Frameworks";
				PRODUCT_BUNDLE_IDENTIFIER = com.ronanrodrigo.CarbritoUnitTests;
				PRODUCT_NAME = "$(TARGET_NAME)";
				SWIFT_VERSION = 4.0;
				TARGETED_DEVICE_FAMILY = "1,2";
				TEST_HOST = "$(BUILT_PRODUCTS_DIR)/Carbrito.app/Carbrito";
			};
			name = Release;
		};
/* End XCBuildConfiguration section */

/* Begin XCConfigurationList section */
		3469A3381F3BFF67004A0934 /* Build configuration list for PBXProject "Carbrito" */ = {
			isa = XCConfigurationList;
			buildConfigurations = (
				3469A34D1F3BFF67004A0934 /* Debug */,
				3469A34E1F3BFF67004A0934 /* Release */,
			);
			defaultConfigurationIsVisible = 0;
			defaultConfigurationName = Release;
		};
		3469A34F1F3BFF67004A0934 /* Build configuration list for PBXNativeTarget "Carbrito" */ = {
			isa = XCConfigurationList;
			buildConfigurations = (
				3469A3501F3BFF67004A0934 /* Debug */,
				3469A3511F3BFF67004A0934 /* Release */,
			);
			defaultConfigurationIsVisible = 0;
			defaultConfigurationName = Release;
		};
		3469A35E1F3C004B004A0934 /* Build configuration list for PBXNativeTarget "CarbritoUnitTests" */ = {
			isa = XCConfigurationList;
			buildConfigurations = (
				3469A35F1F3C004B004A0934 /* Debug */,
				3469A3601F3C004B004A0934 /* Release */,
			);
			defaultConfigurationIsVisible = 0;
			defaultConfigurationName = Release;
		};
/* End XCConfigurationList section */
	};
	rootObject = 3469A3351F3BFF67004A0934 /* Project object */;
}
