// !$*UTF8*$!
{
	archiveVersion = 1;
	classes = {
	};
	objectVersion = 48;
	objects = {

/* Begin PBXBuildFile section */
		1F57A15A632331BBEE6FC307 /* Pods_Carbrito.framework in Frameworks */ = {isa = PBXBuildFile; fileRef = B8A3F1A050E43A3E6488C375 /* Pods_Carbrito.framework */; };
		3404AE0F1F489A8F00AFCF62 /* Log.swift in Sources */ = {isa = PBXBuildFile; fileRef = 3404AE0E1F489A8F00AFCF62 /* Log.swift */; };
		3404AE141F48A60E00AFCF62 /* String+Constant.swift in Sources */ = {isa = PBXBuildFile; fileRef = 3404AE131F48A60E00AFCF62 /* String+Constant.swift */; };
		3404AE191F48B18D00AFCF62 /* CarsRouter.swift in Sources */ = {isa = PBXBuildFile; fileRef = 3404AE181F48B18D00AFCF62 /* CarsRouter.swift */; };
		3404AE1C1F48B1EE00AFCF62 /* CarsNavigationViewControllerRouter.swift in Sources */ = {isa = PBXBuildFile; fileRef = 3404AE1B1F48B1EE00AFCF62 /* CarsNavigationViewControllerRouter.swift */; };
		3404AE1E1F48B50A00AFCF62 /* UIColor+Constant.swift in Sources */ = {isa = PBXBuildFile; fileRef = 3404AE1D1F48B50A00AFCF62 /* UIColor+Constant.swift */; };
		3404AE211F48BA6F00AFCF62 /* FormButtonFactory.swift in Sources */ = {isa = PBXBuildFile; fileRef = 3404AE201F48BA6F00AFCF62 /* FormButtonFactory.swift */; };
		3405D3B41F3E7E650030F30C /* Result.swift in Sources */ = {isa = PBXBuildFile; fileRef = 3405D3B31F3E7E650030F30C /* Result.swift */; };
		3405D3B61F3E7E910030F30C /* Brand.swift in Sources */ = {isa = PBXBuildFile; fileRef = 3405D3B51F3E7E910030F30C /* Brand.swift */; };
		3405D3B91F3E7EEB0030F30C /* CompletionHandler.swift in Sources */ = {isa = PBXBuildFile; fileRef = 3405D3B81F3E7EEB0030F30C /* CompletionHandler.swift */; };
		3405D3BB1F3E7F340030F30C /* ListBrandGateway.swift in Sources */ = {isa = PBXBuildFile; fileRef = 3405D3BA1F3E7F340030F30C /* ListBrandGateway.swift */; };
		3405D3BD1F3E7F970030F30C /* ListBrandsUsecase.swift in Sources */ = {isa = PBXBuildFile; fileRef = 3405D3BC1F3E7F960030F30C /* ListBrandsUsecase.swift */; };
		3405D3C01F3E80C80030F30C /* ListBrandPresenter.swift in Sources */ = {isa = PBXBuildFile; fileRef = 3405D3BF1F3E80C80030F30C /* ListBrandPresenter.swift */; };
		3405D3C31F3F74EC0030F30C /* BrandError.swift in Sources */ = {isa = PBXBuildFile; fileRef = 3405D3C21F3F74EC0030F30C /* BrandError.swift */; };
		3405D3D41F3F787F0030F30C /* ListBrandsUsecaseTests.swift in Sources */ = {isa = PBXBuildFile; fileRef = 3405D3D31F3F787F0030F30C /* ListBrandsUsecaseTests.swift */; };
		3405D3D81F3F78B60030F30C /* ListBrandStubGateway.swift in Sources */ = {isa = PBXBuildFile; fileRef = 3405D3D71F3F78B60030F30C /* ListBrandStubGateway.swift */; };
		3405D3DA1F3F79620030F30C /* ListBrandStubPresenter.swift in Sources */ = {isa = PBXBuildFile; fileRef = 3405D3D91F3F79620030F30C /* ListBrandStubPresenter.swift */; };
		3405D3DF1F3F7E1D0030F30C /* ListCarsByBrandUsecase.swift in Sources */ = {isa = PBXBuildFile; fileRef = 3405D3DE1F3F7E1D0030F30C /* ListCarsByBrandUsecase.swift */; };
		3405D3E31F3F7FF60030F30C /* ListCarsByBrandGateway.swift in Sources */ = {isa = PBXBuildFile; fileRef = 3405D3E21F3F7FF60030F30C /* ListCarsByBrandGateway.swift */; };
		3405D3E51F3F80000030F30C /* ListCarsByBrandPresenter.swift in Sources */ = {isa = PBXBuildFile; fileRef = 3405D3E41F3F80000030F30C /* ListCarsByBrandPresenter.swift */; };
		3405D3E71F3F80480030F30C /* BrandCar.swift in Sources */ = {isa = PBXBuildFile; fileRef = 3405D3E61F3F80480030F30C /* BrandCar.swift */; };
		3405D3E91F3F809A0030F30C /* BrandCarError.swift in Sources */ = {isa = PBXBuildFile; fileRef = 3405D3E81F3F809A0030F30C /* BrandCarError.swift */; };
		3405D3EE1F3F82EC0030F30C /* ListCarsByBrandUsecaseTests.swift in Sources */ = {isa = PBXBuildFile; fileRef = 3405D3ED1F3F82EC0030F30C /* ListCarsByBrandUsecaseTests.swift */; };
		3405D3F11F3F83580030F30C /* ListCarsByBrandStubGateway.swift in Sources */ = {isa = PBXBuildFile; fileRef = 3405D3F01F3F83580030F30C /* ListCarsByBrandStubGateway.swift */; };
		3405D3F51F3F84FF0030F30C /* ListCarsByBrandStubPresenter.swift in Sources */ = {isa = PBXBuildFile; fileRef = 3405D3F41F3F84FF0030F30C /* ListCarsByBrandStubPresenter.swift */; };
		3417A91C1F3C1923009EC015 /* BrandCarDecodableEntity.swift in Sources */ = {isa = PBXBuildFile; fileRef = 3417A91B1F3C1923009EC015 /* BrandCarDecodableEntity.swift */; };
		3417A91E1F3C19B7009EC015 /* BrandCars.json in Resources */ = {isa = PBXBuildFile; fileRef = 3417A91D1F3C19B7009EC015 /* BrandCars.json */; };
		3417A9201F3C1A81009EC015 /* BrandCarDecodableEntityTests.swift in Sources */ = {isa = PBXBuildFile; fileRef = 3417A91F1F3C1A81009EC015 /* BrandCarDecodableEntityTests.swift */; };
		3417A9231F3C1E15009EC015 /* CarDecodableEntity.swift in Sources */ = {isa = PBXBuildFile; fileRef = 3417A9221F3C1E15009EC015 /* CarDecodableEntity.swift */; };
		3417A9251F3C1E9E009EC015 /* CarDecodableEntityTests.swift in Sources */ = {isa = PBXBuildFile; fileRef = 3417A9241F3C1E9E009EC015 /* CarDecodableEntityTests.swift */; };
		3417A9271F3C1EE4009EC015 /* Cars.json in Resources */ = {isa = PBXBuildFile; fileRef = 3417A9261F3C1EE4009EC015 /* Cars.json */; };
		3421EA781F4B9E4400647B1D /* ListBrandNetworkGateway.swift in Sources */ = {isa = PBXBuildFile; fileRef = 3421EA771F4B9E4400647B1D /* ListBrandNetworkGateway.swift */; };
		3421EA7B1F4BA08600647B1D /* GetRequest.swift in Sources */ = {isa = PBXBuildFile; fileRef = 3421EA7A1F4BA08600647B1D /* GetRequest.swift */; };
		3421EA7D1F4BA6CE00647B1D /* ListCarsByBrandNetworkGateway.swift in Sources */ = {isa = PBXBuildFile; fileRef = 3421EA7C1F4BA6CE00647B1D /* ListCarsByBrandNetworkGateway.swift */; };
		3437C30D1F4A006B005F4537 /* GenericDataProvider.swift in Sources */ = {isa = PBXBuildFile; fileRef = 3437C30C1F4A006B005F4537 /* GenericDataProvider.swift */; };
		3437C30F1F4A03D3005F4537 /* CellDescriptor.swift in Sources */ = {isa = PBXBuildFile; fileRef = 3437C30E1F4A03D3005F4537 /* CellDescriptor.swift */; };
		344721521F4B004E009BF58B /* ChooseCarByBrandController.swift in Sources */ = {isa = PBXBuildFile; fileRef = 344721511F4B004E009BF58B /* ChooseCarByBrandController.swift */; };
		344721541F4B006D009BF58B /* ChooseCarByBrandView.swift in Sources */ = {isa = PBXBuildFile; fileRef = 344721531F4B006D009BF58B /* ChooseCarByBrandView.swift */; };
		3457FA231F4B01AE00E4747F /* ListCarsByBrandUsecaseFactory.swift in Sources */ = {isa = PBXBuildFile; fileRef = 3457FA221F4B01AE00E4747F /* ListCarsByBrandUsecaseFactory.swift */; };
		3457FA251F4B01C700E4747F /* ListCarsByBrandGatewayFactory.swift in Sources */ = {isa = PBXBuildFile; fileRef = 3457FA241F4B01C700E4747F /* ListCarsByBrandGatewayFactory.swift */; };
		3457FA271F4B01D200E4747F /* ListCarsByBrandFakeGateway.swift in Sources */ = {isa = PBXBuildFile; fileRef = 3457FA261F4B01D200E4747F /* ListCarsByBrandFakeGateway.swift */; };
		3457FA291F4B0ACF00E4747F /* ShowCarController.swift in Sources */ = {isa = PBXBuildFile; fileRef = 3457FA281F4B0ACF00E4747F /* ShowCarController.swift */; };
		3457FA2B1F4B0C9D00E4747F /* ShowCarView.swift in Sources */ = {isa = PBXBuildFile; fileRef = 3457FA2A1F4B0C9D00E4747F /* ShowCarView.swift */; };
		3457FA2D1F4B169000E4747F /* DetailCarUsecaseFactory.swift in Sources */ = {isa = PBXBuildFile; fileRef = 3457FA2C1F4B169000E4747F /* DetailCarUsecaseFactory.swift */; };
		3457FA2F1F4B16AE00E4747F /* DetailCarGatewayFactory.swift in Sources */ = {isa = PBXBuildFile; fileRef = 3457FA2E1F4B16AE00E4747F /* DetailCarGatewayFactory.swift */; };
		3457FA311F4B16BD00E4747F /* DetailCarFakeGateway.swift in Sources */ = {isa = PBXBuildFile; fileRef = 3457FA301F4B16BD00E4747F /* DetailCarFakeGateway.swift */; };
		34663DB31F4629AA00715D01 /* CreateCarController.swift in Sources */ = {isa = PBXBuildFile; fileRef = 34663DB21F4629AA00715D01 /* CreateCarController.swift */; };
		34663DB61F462A3600715D01 /* CarFormView.swift in Sources */ = {isa = PBXBuildFile; fileRef = 34663DB51F462A3600715D01 /* CarFormView.swift */; };
		3469A3411F3BFF67004A0934 /* AppDelegate.swift in Sources */ = {isa = PBXBuildFile; fileRef = 3469A3401F3BFF67004A0934 /* AppDelegate.swift */; };
		3469A3481F3BFF67004A0934 /* Assets.xcassets in Resources */ = {isa = PBXBuildFile; fileRef = 3469A3471F3BFF67004A0934 /* Assets.xcassets */; };
		3469A34B1F3BFF67004A0934 /* LaunchScreen.storyboard in Resources */ = {isa = PBXBuildFile; fileRef = 3469A3491F3BFF67004A0934 /* LaunchScreen.storyboard */; };
		349D05FC1F49FB4500526ABC /* RootNavigationViewControllerRouterFactory.swift in Sources */ = {isa = PBXBuildFile; fileRef = 349D05FB1F49FB4500526ABC /* RootNavigationViewControllerRouterFactory.swift */; };
		349D06041F49FC1400526ABC /* CreateCarControllerFactory.swift in Sources */ = {isa = PBXBuildFile; fileRef = 349D06031F49FC1400526ABC /* CreateCarControllerFactory.swift */; };
		349D06061F49FD8200526ABC /* ChooseBrandController.swift in Sources */ = {isa = PBXBuildFile; fileRef = 349D06051F49FD8200526ABC /* ChooseBrandController.swift */; };
		349D06081F49FDD700526ABC /* ChooseBrandView.swift in Sources */ = {isa = PBXBuildFile; fileRef = 349D06071F49FDD700526ABC /* ChooseBrandView.swift */; };
		34A5C9BE1F4AF8D0001185B8 /* ListBrandFakeGateway.swift in Sources */ = {isa = PBXBuildFile; fileRef = 34A5C9BD1F4AF8D0001185B8 /* ListBrandFakeGateway.swift */; };
		34A5C9C11F4AFA4B001185B8 /* ListBrandGatewayFactory.swift in Sources */ = {isa = PBXBuildFile; fileRef = 34A5C9C01F4AFA4B001185B8 /* ListBrandGatewayFactory.swift */; };
		34A5C9C41F4AFA82001185B8 /* ListBrandsUsecaseFactory.swift in Sources */ = {isa = PBXBuildFile; fileRef = 34A5C9C31F4AFA82001185B8 /* ListBrandsUsecaseFactory.swift */; };
		34AECA631F4C9AF6005FDCFF /* ListBrandNetworkGatewayTests.swift in Sources */ = {isa = PBXBuildFile; fileRef = 34AECA621F4C9AF6005FDCFF /* ListBrandNetworkGatewayTests.swift */; };
		34AECA661F4C9F14005FDCFF /* GetFakeRequest.swift in Sources */ = {isa = PBXBuildFile; fileRef = 34AECA651F4C9F14005FDCFF /* GetFakeRequest.swift */; };
		34B2E5941F3F91E30059E597 /* EmptyPresenter.swift in Sources */ = {isa = PBXBuildFile; fileRef = 34B2E5931F3F91E30059E597 /* EmptyPresenter.swift */; };
		34B3F5021F3F8BC40067A5B3 /* Car.swift in Sources */ = {isa = PBXBuildFile; fileRef = 34B3F5011F3F8BC40067A5B3 /* Car.swift */; };
		34B3F5081F3F8C110067A5B3 /* CarError.swift in Sources */ = {isa = PBXBuildFile; fileRef = 34B3F5071F3F8C110067A5B3 /* CarError.swift */; };
		34B3F50A1F3F8C4F0067A5B3 /* DetailCarUsecase.swift in Sources */ = {isa = PBXBuildFile; fileRef = 34B3F5091F3F8C4F0067A5B3 /* DetailCarUsecase.swift */; };
		34B3F50C1F3F8CEB0067A5B3 /* DetailCarGateway.swift in Sources */ = {isa = PBXBuildFile; fileRef = 34B3F50B1F3F8CEB0067A5B3 /* DetailCarGateway.swift */; };
		34B3F50E1F3F8D430067A5B3 /* DetailCarPresenter.swift in Sources */ = {isa = PBXBuildFile; fileRef = 34B3F50D1F3F8D430067A5B3 /* DetailCarPresenter.swift */; };
		34B3F5111F3F8E050067A5B3 /* DetailCarUsecaseTests.swift in Sources */ = {isa = PBXBuildFile; fileRef = 34B3F5101F3F8E050067A5B3 /* DetailCarUsecaseTests.swift */; };
		34B3F5161F3F8E2D0067A5B3 /* DetailCarStubGateway.swift in Sources */ = {isa = PBXBuildFile; fileRef = 34B3F5151F3F8E2D0067A5B3 /* DetailCarStubGateway.swift */; };
		34B3F5181F3F8E7D0067A5B3 /* DetailCarStubPresenter.swift in Sources */ = {isa = PBXBuildFile; fileRef = 34B3F5171F3F8E7D0067A5B3 /* DetailCarStubPresenter.swift */; };
		34C893C41F3C01820023D3E9 /* BrandDecodableEntity.swift in Sources */ = {isa = PBXBuildFile; fileRef = 34C893C31F3C01750023D3E9 /* BrandDecodableEntity.swift */; };
		34C893C91F3C01A70023D3E9 /* JSONDecoder+Decode.swift in Sources */ = {isa = PBXBuildFile; fileRef = 34C893C61F3C01A10023D3E9 /* JSONDecoder+Decode.swift */; };
		34C893CA1F3C01A70023D3E9 /* NSManagedObjectContext+InMemory.swift in Sources */ = {isa = PBXBuildFile; fileRef = 34C893C71F3C01A10023D3E9 /* NSManagedObjectContext+InMemory.swift */; };
		34C893CB1F3C01A70023D3E9 /* XCTestCase+LoadJson.swift in Sources */ = {isa = PBXBuildFile; fileRef = 34C893C81F3C01A10023D3E9 /* XCTestCase+LoadJson.swift */; };
		34C893D31F3C01B90023D3E9 /* BrandDecodableEntityTests.swift in Sources */ = {isa = PBXBuildFile; fileRef = 34C893CF1F3C01B10023D3E9 /* BrandDecodableEntityTests.swift */; };
		34C893D41F3C01C70023D3E9 /* Brands.json in Resources */ = {isa = PBXBuildFile; fileRef = 34C893D21F3C01B10023D3E9 /* Brands.json */; };
		34D37AE21F4DC33200DB87A1 /* Invalid.json in Resources */ = {isa = PBXBuildFile; fileRef = 34D37AE11F4DC33200DB87A1 /* Invalid.json */; };
		34D37AE41F4DC3D400DB87A1 /* AnyError.swift in Sources */ = {isa = PBXBuildFile; fileRef = 34D37AE31F4DC3D400DB87A1 /* AnyError.swift */; };
		34D37AE71F4DC3F000DB87A1 /* BrandError.swift in Sources */ = {isa = PBXBuildFile; fileRef = 34D37AE61F4DC3F000DB87A1 /* BrandError.swift */; };
		34E774851F4BA8F700C1ADFB /* DetailCarNetworkGateway.swift in Sources */ = {isa = PBXBuildFile; fileRef = 34E774841F4BA8F700C1ADFB /* DetailCarNetworkGateway.swift */; };
		34E774881F4BAEC800C1ADFB /* GetRequestFactory.swift in Sources */ = {isa = PBXBuildFile; fileRef = 34E774871F4BAEC800C1ADFB /* GetRequestFactory.swift */; };
		34FC49D51F4B1A6D00A8AA27 /* EmptyView.swift in Sources */ = {isa = PBXBuildFile; fileRef = 34FC49D41F4B1A6D00A8AA27 /* EmptyView.swift */; };
		432A8A54054AF77EB88EDD29 /* Pods_CarbritoUnitTests.framework in Frameworks */ = {isa = PBXBuildFile; fileRef = CC4F19906DA209116A9A0FD1 /* Pods_CarbritoUnitTests.framework */; };
/* End PBXBuildFile section */

/* Begin PBXContainerItemProxy section */
		3469A35C1F3C004B004A0934 /* PBXContainerItemProxy */ = {
			isa = PBXContainerItemProxy;
			containerPortal = 3469A3351F3BFF67004A0934 /* Project object */;
			proxyType = 1;
			remoteGlobalIDString = 3469A33C1F3BFF67004A0934;
			remoteInfo = Carbrito;
		};
/* End PBXContainerItemProxy section */

/* Begin PBXFileReference section */
		11B73B5841C200D509A097DE /* Pods-CarbritoUnitTests.debug.xcconfig */ = {isa = PBXFileReference; includeInIndex = 1; lastKnownFileType = text.xcconfig; name = "Pods-CarbritoUnitTests.debug.xcconfig"; path = "Pods/Target Support Files/Pods-CarbritoUnitTests/Pods-CarbritoUnitTests.debug.xcconfig"; sourceTree = "<group>"; };
		3404AE0E1F489A8F00AFCF62 /* Log.swift */ = {isa = PBXFileReference; lastKnownFileType = sourcecode.swift; path = Log.swift; sourceTree = "<group>"; };
		3404AE131F48A60E00AFCF62 /* String+Constant.swift */ = {isa = PBXFileReference; lastKnownFileType = sourcecode.swift; path = "String+Constant.swift"; sourceTree = "<group>"; };
		3404AE181F48B18D00AFCF62 /* CarsRouter.swift */ = {isa = PBXFileReference; lastKnownFileType = sourcecode.swift; path = CarsRouter.swift; sourceTree = "<group>"; };
		3404AE1B1F48B1EE00AFCF62 /* CarsNavigationViewControllerRouter.swift */ = {isa = PBXFileReference; lastKnownFileType = sourcecode.swift; path = CarsNavigationViewControllerRouter.swift; sourceTree = "<group>"; };
		3404AE1D1F48B50A00AFCF62 /* UIColor+Constant.swift */ = {isa = PBXFileReference; lastKnownFileType = sourcecode.swift; path = "UIColor+Constant.swift"; sourceTree = "<group>"; };
		3404AE201F48BA6F00AFCF62 /* FormButtonFactory.swift */ = {isa = PBXFileReference; lastKnownFileType = sourcecode.swift; path = FormButtonFactory.swift; sourceTree = "<group>"; };
		3405D3B31F3E7E650030F30C /* Result.swift */ = {isa = PBXFileReference; fileEncoding = 4; lastKnownFileType = sourcecode.swift; path = Result.swift; sourceTree = "<group>"; };
		3405D3B51F3E7E910030F30C /* Brand.swift */ = {isa = PBXFileReference; lastKnownFileType = sourcecode.swift; path = Brand.swift; sourceTree = "<group>"; };
		3405D3B81F3E7EEB0030F30C /* CompletionHandler.swift */ = {isa = PBXFileReference; lastKnownFileType = sourcecode.swift; path = CompletionHandler.swift; sourceTree = "<group>"; };
		3405D3BA1F3E7F340030F30C /* ListBrandGateway.swift */ = {isa = PBXFileReference; lastKnownFileType = sourcecode.swift; path = ListBrandGateway.swift; sourceTree = "<group>"; };
		3405D3BC1F3E7F960030F30C /* ListBrandsUsecase.swift */ = {isa = PBXFileReference; lastKnownFileType = sourcecode.swift; path = ListBrandsUsecase.swift; sourceTree = "<group>"; };
		3405D3BF1F3E80C80030F30C /* ListBrandPresenter.swift */ = {isa = PBXFileReference; lastKnownFileType = sourcecode.swift; path = ListBrandPresenter.swift; sourceTree = "<group>"; };
		3405D3C21F3F74EC0030F30C /* BrandError.swift */ = {isa = PBXFileReference; lastKnownFileType = sourcecode.swift; path = BrandError.swift; sourceTree = "<group>"; };
		3405D3D31F3F787F0030F30C /* ListBrandsUsecaseTests.swift */ = {isa = PBXFileReference; lastKnownFileType = sourcecode.swift; path = ListBrandsUsecaseTests.swift; sourceTree = "<group>"; };
		3405D3D71F3F78B60030F30C /* ListBrandStubGateway.swift */ = {isa = PBXFileReference; lastKnownFileType = sourcecode.swift; path = ListBrandStubGateway.swift; sourceTree = "<group>"; };
		3405D3D91F3F79620030F30C /* ListBrandStubPresenter.swift */ = {isa = PBXFileReference; lastKnownFileType = sourcecode.swift; path = ListBrandStubPresenter.swift; sourceTree = "<group>"; };
		3405D3DE1F3F7E1D0030F30C /* ListCarsByBrandUsecase.swift */ = {isa = PBXFileReference; lastKnownFileType = sourcecode.swift; path = ListCarsByBrandUsecase.swift; sourceTree = "<group>"; };
		3405D3E21F3F7FF60030F30C /* ListCarsByBrandGateway.swift */ = {isa = PBXFileReference; lastKnownFileType = sourcecode.swift; path = ListCarsByBrandGateway.swift; sourceTree = "<group>"; };
		3405D3E41F3F80000030F30C /* ListCarsByBrandPresenter.swift */ = {isa = PBXFileReference; lastKnownFileType = sourcecode.swift; path = ListCarsByBrandPresenter.swift; sourceTree = "<group>"; };
		3405D3E61F3F80480030F30C /* BrandCar.swift */ = {isa = PBXFileReference; lastKnownFileType = sourcecode.swift; path = BrandCar.swift; sourceTree = "<group>"; };
		3405D3E81F3F809A0030F30C /* BrandCarError.swift */ = {isa = PBXFileReference; lastKnownFileType = sourcecode.swift; path = BrandCarError.swift; sourceTree = "<group>"; };
		3405D3ED1F3F82EC0030F30C /* ListCarsByBrandUsecaseTests.swift */ = {isa = PBXFileReference; lastKnownFileType = sourcecode.swift; path = ListCarsByBrandUsecaseTests.swift; sourceTree = "<group>"; };
		3405D3F01F3F83580030F30C /* ListCarsByBrandStubGateway.swift */ = {isa = PBXFileReference; lastKnownFileType = sourcecode.swift; path = ListCarsByBrandStubGateway.swift; sourceTree = "<group>"; };
		3405D3F41F3F84FF0030F30C /* ListCarsByBrandStubPresenter.swift */ = {isa = PBXFileReference; lastKnownFileType = sourcecode.swift; path = ListCarsByBrandStubPresenter.swift; sourceTree = "<group>"; };
		3417A91B1F3C1923009EC015 /* BrandCarDecodableEntity.swift */ = {isa = PBXFileReference; lastKnownFileType = sourcecode.swift; path = BrandCarDecodableEntity.swift; sourceTree = "<group>"; };
		3417A91D1F3C19B7009EC015 /* BrandCars.json */ = {isa = PBXFileReference; fileEncoding = 4; lastKnownFileType = text.json; path = BrandCars.json; sourceTree = "<group>"; };
		3417A91F1F3C1A81009EC015 /* BrandCarDecodableEntityTests.swift */ = {isa = PBXFileReference; lastKnownFileType = sourcecode.swift; path = BrandCarDecodableEntityTests.swift; sourceTree = "<group>"; };
		3417A9221F3C1E15009EC015 /* CarDecodableEntity.swift */ = {isa = PBXFileReference; lastKnownFileType = sourcecode.swift; path = CarDecodableEntity.swift; sourceTree = "<group>"; };
		3417A9241F3C1E9E009EC015 /* CarDecodableEntityTests.swift */ = {isa = PBXFileReference; lastKnownFileType = sourcecode.swift; path = CarDecodableEntityTests.swift; sourceTree = "<group>"; };
		3417A9261F3C1EE4009EC015 /* Cars.json */ = {isa = PBXFileReference; fileEncoding = 4; lastKnownFileType = text.json; path = Cars.json; sourceTree = "<group>"; };
		3421EA771F4B9E4400647B1D /* ListBrandNetworkGateway.swift */ = {isa = PBXFileReference; lastKnownFileType = sourcecode.swift; path = ListBrandNetworkGateway.swift; sourceTree = "<group>"; };
		3421EA7A1F4BA08600647B1D /* GetRequest.swift */ = {isa = PBXFileReference; lastKnownFileType = sourcecode.swift; path = GetRequest.swift; sourceTree = "<group>"; };
		3421EA7C1F4BA6CE00647B1D /* ListCarsByBrandNetworkGateway.swift */ = {isa = PBXFileReference; lastKnownFileType = sourcecode.swift; path = ListCarsByBrandNetworkGateway.swift; sourceTree = "<group>"; };
		3437C30C1F4A006B005F4537 /* GenericDataProvider.swift */ = {isa = PBXFileReference; lastKnownFileType = sourcecode.swift; path = GenericDataProvider.swift; sourceTree = "<group>"; };
		3437C30E1F4A03D3005F4537 /* CellDescriptor.swift */ = {isa = PBXFileReference; lastKnownFileType = sourcecode.swift; path = CellDescriptor.swift; sourceTree = "<group>"; };
		344721511F4B004E009BF58B /* ChooseCarByBrandController.swift */ = {isa = PBXFileReference; lastKnownFileType = sourcecode.swift; path = ChooseCarByBrandController.swift; sourceTree = "<group>"; };
		344721531F4B006D009BF58B /* ChooseCarByBrandView.swift */ = {isa = PBXFileReference; lastKnownFileType = sourcecode.swift; path = ChooseCarByBrandView.swift; sourceTree = "<group>"; };
		3457FA221F4B01AE00E4747F /* ListCarsByBrandUsecaseFactory.swift */ = {isa = PBXFileReference; lastKnownFileType = sourcecode.swift; path = ListCarsByBrandUsecaseFactory.swift; sourceTree = "<group>"; };
		3457FA241F4B01C700E4747F /* ListCarsByBrandGatewayFactory.swift */ = {isa = PBXFileReference; lastKnownFileType = sourcecode.swift; path = ListCarsByBrandGatewayFactory.swift; sourceTree = "<group>"; };
		3457FA261F4B01D200E4747F /* ListCarsByBrandFakeGateway.swift */ = {isa = PBXFileReference; lastKnownFileType = sourcecode.swift; path = ListCarsByBrandFakeGateway.swift; sourceTree = "<group>"; };
		3457FA281F4B0ACF00E4747F /* ShowCarController.swift */ = {isa = PBXFileReference; lastKnownFileType = sourcecode.swift; path = ShowCarController.swift; sourceTree = "<group>"; };
		3457FA2A1F4B0C9D00E4747F /* ShowCarView.swift */ = {isa = PBXFileReference; lastKnownFileType = sourcecode.swift; path = ShowCarView.swift; sourceTree = "<group>"; };
		3457FA2C1F4B169000E4747F /* DetailCarUsecaseFactory.swift */ = {isa = PBXFileReference; lastKnownFileType = sourcecode.swift; path = DetailCarUsecaseFactory.swift; sourceTree = "<group>"; };
		3457FA2E1F4B16AE00E4747F /* DetailCarGatewayFactory.swift */ = {isa = PBXFileReference; lastKnownFileType = sourcecode.swift; path = DetailCarGatewayFactory.swift; sourceTree = "<group>"; };
		3457FA301F4B16BD00E4747F /* DetailCarFakeGateway.swift */ = {isa = PBXFileReference; lastKnownFileType = sourcecode.swift; path = DetailCarFakeGateway.swift; sourceTree = "<group>"; };
		34663DB21F4629AA00715D01 /* CreateCarController.swift */ = {isa = PBXFileReference; lastKnownFileType = sourcecode.swift; path = CreateCarController.swift; sourceTree = "<group>"; };
		34663DB51F462A3600715D01 /* CarFormView.swift */ = {isa = PBXFileReference; lastKnownFileType = sourcecode.swift; path = CarFormView.swift; sourceTree = "<group>"; };
		3469A33D1F3BFF67004A0934 /* Carbrito.app */ = {isa = PBXFileReference; explicitFileType = wrapper.application; includeInIndex = 0; path = Carbrito.app; sourceTree = BUILT_PRODUCTS_DIR; };
		3469A3401F3BFF67004A0934 /* AppDelegate.swift */ = {isa = PBXFileReference; lastKnownFileType = sourcecode.swift; path = AppDelegate.swift; sourceTree = "<group>"; };
		3469A3471F3BFF67004A0934 /* Assets.xcassets */ = {isa = PBXFileReference; lastKnownFileType = folder.assetcatalog; path = Assets.xcassets; sourceTree = "<group>"; };
		3469A34A1F3BFF67004A0934 /* Base */ = {isa = PBXFileReference; lastKnownFileType = file.storyboard; name = Base; path = Base.lproj/LaunchScreen.storyboard; sourceTree = "<group>"; };
		3469A34C1F3BFF67004A0934 /* Info.plist */ = {isa = PBXFileReference; lastKnownFileType = text.plist.xml; path = Info.plist; sourceTree = "<group>"; };
		3469A3571F3C004B004A0934 /* CarbritoUnitTests.xctest */ = {isa = PBXFileReference; explicitFileType = wrapper.cfbundle; includeInIndex = 0; path = CarbritoUnitTests.xctest; sourceTree = BUILT_PRODUCTS_DIR; };
		3469A35B1F3C004B004A0934 /* Info.plist */ = {isa = PBXFileReference; lastKnownFileType = text.plist.xml; path = Info.plist; sourceTree = "<group>"; };
		349D05FB1F49FB4500526ABC /* RootNavigationViewControllerRouterFactory.swift */ = {isa = PBXFileReference; lastKnownFileType = sourcecode.swift; path = RootNavigationViewControllerRouterFactory.swift; sourceTree = "<group>"; };
		349D06031F49FC1400526ABC /* CreateCarControllerFactory.swift */ = {isa = PBXFileReference; lastKnownFileType = sourcecode.swift; path = CreateCarControllerFactory.swift; sourceTree = "<group>"; };
		349D06051F49FD8200526ABC /* ChooseBrandController.swift */ = {isa = PBXFileReference; lastKnownFileType = sourcecode.swift; path = ChooseBrandController.swift; sourceTree = "<group>"; };
		349D06071F49FDD700526ABC /* ChooseBrandView.swift */ = {isa = PBXFileReference; lastKnownFileType = sourcecode.swift; path = ChooseBrandView.swift; sourceTree = "<group>"; };
		34A5C9BD1F4AF8D0001185B8 /* ListBrandFakeGateway.swift */ = {isa = PBXFileReference; lastKnownFileType = sourcecode.swift; path = ListBrandFakeGateway.swift; sourceTree = "<group>"; };
		34A5C9C01F4AFA4B001185B8 /* ListBrandGatewayFactory.swift */ = {isa = PBXFileReference; lastKnownFileType = sourcecode.swift; path = ListBrandGatewayFactory.swift; sourceTree = "<group>"; };
		34A5C9C31F4AFA82001185B8 /* ListBrandsUsecaseFactory.swift */ = {isa = PBXFileReference; lastKnownFileType = sourcecode.swift; path = ListBrandsUsecaseFactory.swift; sourceTree = "<group>"; };
		34AECA621F4C9AF6005FDCFF /* ListBrandNetworkGatewayTests.swift */ = {isa = PBXFileReference; lastKnownFileType = sourcecode.swift; path = ListBrandNetworkGatewayTests.swift; sourceTree = "<group>"; };
		34AECA651F4C9F14005FDCFF /* GetFakeRequest.swift */ = {isa = PBXFileReference; lastKnownFileType = sourcecode.swift; path = GetFakeRequest.swift; sourceTree = "<group>"; };
		34B2E5931F3F91E30059E597 /* EmptyPresenter.swift */ = {isa = PBXFileReference; lastKnownFileType = sourcecode.swift; path = EmptyPresenter.swift; sourceTree = "<group>"; };
		34B3F5011F3F8BC40067A5B3 /* Car.swift */ = {isa = PBXFileReference; lastKnownFileType = sourcecode.swift; path = Car.swift; sourceTree = "<group>"; };
		34B3F5071F3F8C110067A5B3 /* CarError.swift */ = {isa = PBXFileReference; lastKnownFileType = sourcecode.swift; path = CarError.swift; sourceTree = "<group>"; };
		34B3F5091F3F8C4F0067A5B3 /* DetailCarUsecase.swift */ = {isa = PBXFileReference; lastKnownFileType = sourcecode.swift; path = DetailCarUsecase.swift; sourceTree = "<group>"; };
		34B3F50B1F3F8CEB0067A5B3 /* DetailCarGateway.swift */ = {isa = PBXFileReference; lastKnownFileType = sourcecode.swift; path = DetailCarGateway.swift; sourceTree = "<group>"; };
		34B3F50D1F3F8D430067A5B3 /* DetailCarPresenter.swift */ = {isa = PBXFileReference; lastKnownFileType = sourcecode.swift; path = DetailCarPresenter.swift; sourceTree = "<group>"; };
		34B3F5101F3F8E050067A5B3 /* DetailCarUsecaseTests.swift */ = {isa = PBXFileReference; lastKnownFileType = sourcecode.swift; path = DetailCarUsecaseTests.swift; sourceTree = "<group>"; };
		34B3F5151F3F8E2D0067A5B3 /* DetailCarStubGateway.swift */ = {isa = PBXFileReference; lastKnownFileType = sourcecode.swift; path = DetailCarStubGateway.swift; sourceTree = "<group>"; };
		34B3F5171F3F8E7D0067A5B3 /* DetailCarStubPresenter.swift */ = {isa = PBXFileReference; lastKnownFileType = sourcecode.swift; path = DetailCarStubPresenter.swift; sourceTree = "<group>"; };
		34C893C31F3C01750023D3E9 /* BrandDecodableEntity.swift */ = {isa = PBXFileReference; lastKnownFileType = sourcecode.swift; path = BrandDecodableEntity.swift; sourceTree = "<group>"; };
		34C893C61F3C01A10023D3E9 /* JSONDecoder+Decode.swift */ = {isa = PBXFileReference; lastKnownFileType = sourcecode.swift; path = "JSONDecoder+Decode.swift"; sourceTree = "<group>"; };
		34C893C71F3C01A10023D3E9 /* NSManagedObjectContext+InMemory.swift */ = {isa = PBXFileReference; lastKnownFileType = sourcecode.swift; path = "NSManagedObjectContext+InMemory.swift"; sourceTree = "<group>"; };
		34C893C81F3C01A10023D3E9 /* XCTestCase+LoadJson.swift */ = {isa = PBXFileReference; lastKnownFileType = sourcecode.swift; path = "XCTestCase+LoadJson.swift"; sourceTree = "<group>"; };
		34C893CF1F3C01B10023D3E9 /* BrandDecodableEntityTests.swift */ = {isa = PBXFileReference; lastKnownFileType = sourcecode.swift; path = BrandDecodableEntityTests.swift; sourceTree = "<group>"; };
		34C893D21F3C01B10023D3E9 /* Brands.json */ = {isa = PBXFileReference; lastKnownFileType = text.json; path = Brands.json; sourceTree = "<group>"; };
		34D37AE11F4DC33200DB87A1 /* Invalid.json */ = {isa = PBXFileReference; lastKnownFileType = text.json; path = Invalid.json; sourceTree = "<group>"; };
		34D37AE31F4DC3D400DB87A1 /* AnyError.swift */ = {isa = PBXFileReference; lastKnownFileType = sourcecode.swift; path = AnyError.swift; sourceTree = "<group>"; };
		34D37AE61F4DC3F000DB87A1 /* BrandError.swift */ = {isa = PBXFileReference; lastKnownFileType = sourcecode.swift; path = BrandError.swift; sourceTree = "<group>"; };
		34E774841F4BA8F700C1ADFB /* DetailCarNetworkGateway.swift */ = {isa = PBXFileReference; lastKnownFileType = sourcecode.swift; path = DetailCarNetworkGateway.swift; sourceTree = "<group>"; };
		34E774871F4BAEC800C1ADFB /* GetRequestFactory.swift */ = {isa = PBXFileReference; lastKnownFileType = sourcecode.swift; path = GetRequestFactory.swift; sourceTree = "<group>"; };
		34FC49D41F4B1A6D00A8AA27 /* EmptyView.swift */ = {isa = PBXFileReference; lastKnownFileType = sourcecode.swift; path = EmptyView.swift; sourceTree = "<group>"; };
		8470C6C26B910419FBA40EE7 /* Pods-CarbritoUnitTests.release.xcconfig */ = {isa = PBXFileReference; includeInIndex = 1; lastKnownFileType = text.xcconfig; name = "Pods-CarbritoUnitTests.release.xcconfig"; path = "Pods/Target Support Files/Pods-CarbritoUnitTests/Pods-CarbritoUnitTests.release.xcconfig"; sourceTree = "<group>"; };
		8D0426DA525E0F404022473B /* Pods-Carbrito.debug.xcconfig */ = {isa = PBXFileReference; includeInIndex = 1; lastKnownFileType = text.xcconfig; name = "Pods-Carbrito.debug.xcconfig"; path = "Pods/Target Support Files/Pods-Carbrito/Pods-Carbrito.debug.xcconfig"; sourceTree = "<group>"; };
		B8A3F1A050E43A3E6488C375 /* Pods_Carbrito.framework */ = {isa = PBXFileReference; explicitFileType = wrapper.framework; includeInIndex = 0; path = Pods_Carbrito.framework; sourceTree = BUILT_PRODUCTS_DIR; };
		CC4F19906DA209116A9A0FD1 /* Pods_CarbritoUnitTests.framework */ = {isa = PBXFileReference; explicitFileType = wrapper.framework; includeInIndex = 0; path = Pods_CarbritoUnitTests.framework; sourceTree = BUILT_PRODUCTS_DIR; };
		EA7D1E417CAEAC305EB01BCF /* Pods-Carbrito.release.xcconfig */ = {isa = PBXFileReference; includeInIndex = 1; lastKnownFileType = text.xcconfig; name = "Pods-Carbrito.release.xcconfig"; path = "Pods/Target Support Files/Pods-Carbrito/Pods-Carbrito.release.xcconfig"; sourceTree = "<group>"; };
/* End PBXFileReference section */

/* Begin PBXFrameworksBuildPhase section */
		3469A33A1F3BFF67004A0934 /* Frameworks */ = {
			isa = PBXFrameworksBuildPhase;
			buildActionMask = 2147483647;
			files = (
				1F57A15A632331BBEE6FC307 /* Pods_Carbrito.framework in Frameworks */,
			);
			runOnlyForDeploymentPostprocessing = 0;
		};
		3469A3541F3C004B004A0934 /* Frameworks */ = {
			isa = PBXFrameworksBuildPhase;
			buildActionMask = 2147483647;
			files = (
				432A8A54054AF77EB88EDD29 /* Pods_CarbritoUnitTests.framework in Frameworks */,
			);
			runOnlyForDeploymentPostprocessing = 0;
		};
/* End PBXFrameworksBuildPhase section */

/* Begin PBXGroup section */
		3404AE151F48B16000AFCF62 /* Routers */ = {
			isa = PBXGroup;
			children = (
				3404AE181F48B18D00AFCF62 /* CarsRouter.swift */,
			);
			path = Routers;
			sourceTree = "<group>";
		};
		3404AE1A1F48B1B900AFCF62 /* Routers */ = {
			isa = PBXGroup;
			children = (
				3404AE1B1F48B1EE00AFCF62 /* CarsNavigationViewControllerRouter.swift */,
			);
			path = Routers;
			sourceTree = "<group>";
		};
		3404AE1F1F48BA5C00AFCF62 /* Factories */ = {
			isa = PBXGroup;
			children = (
				34E774861F4BAEAF00C1ADFB /* Network */,
				349D06021F49FC0700526ABC /* Controllers */,
				34A5C9BF1F4AFA2F001185B8 /* Gateways */,
				349D05FF1F49FBF500526ABC /* Routers */,
				34A5C9C21F4AFA75001185B8 /* Usecases */,
				349D06011F49FBFF00526ABC /* Views */,
			);
			path = Factories;
			sourceTree = "<group>";
		};
		3405D3C71F3F754F0030F30C /* Cars */ = {
			isa = PBXGroup;
			children = (
				34663DB11F46294100715D01 /* Controllers */,
				3405D3C81F3F75520030F30C /* Core */,
				3404AE1F1F48BA5C00AFCF62 /* Factories */,
				3421EA761F4B9E0400647B1D /* Gateways */,
				3404AE1A1F48B1B900AFCF62 /* Routers */,
				34663DB41F4629C500715D01 /* Views */,
			);
			path = Cars;
			sourceTree = "<group>";
		};
		3405D3C81F3F75520030F30C /* Core */ = {
			isa = PBXGroup;
			children = (
				34A5C9BC1F4AF8C0001185B8 /* Fakes */,
				3405D3CA1F3F755B0030F30C /* Entities */,
				34B3F5051F3F8BFC0067A5B3 /* Gateways */,
				34B3F5061F3F8C010067A5B3 /* Presenters */,
				3404AE151F48B16000AFCF62 /* Routers */,
				34B3F5041F3F8BF80067A5B3 /* Usecases */,
			);
			path = Core;
			sourceTree = "<group>";
		};
		3405D3CA1F3F755B0030F30C /* Entities */ = {
			isa = PBXGroup;
			children = (
				3405D3B51F3E7E910030F30C /* Brand.swift */,
				3405D3E61F3F80480030F30C /* BrandCar.swift */,
				3417A91B1F3C1923009EC015 /* BrandCarDecodableEntity.swift */,
				3405D3E81F3F809A0030F30C /* BrandCarError.swift */,
				34C893C31F3C01750023D3E9 /* BrandDecodableEntity.swift */,
				3405D3C21F3F74EC0030F30C /* BrandError.swift */,
				34B3F5011F3F8BC40067A5B3 /* Car.swift */,
				3417A9221F3C1E15009EC015 /* CarDecodableEntity.swift */,
				34B3F5071F3F8C110067A5B3 /* CarError.swift */,
			);
			path = Entities;
			sourceTree = "<group>";
		};
		3405D3CB1F3F75840030F30C /* Cars */ = {
			isa = PBXGroup;
			children = (
				34AECA611F4C9ADD005FDCFF /* Gateways */,
				3405D3F71F3F870C0030F30C /* Doubles */,
				3405D3CD1F3F75920030F30C /* Core */,
			);
			path = Cars;
			sourceTree = "<group>";
		};
		3405D3CD1F3F75920030F30C /* Core */ = {
			isa = PBXGroup;
			children = (
				34B3F50F1F3F8DF60067A5B3 /* Usecases */,
				3405D3CE1F3F75950030F30C /* Entities */,
			);
			path = Core;
			sourceTree = "<group>";
		};
		3405D3CE1F3F75950030F30C /* Entities */ = {
			isa = PBXGroup;
			children = (
				3417A91F1F3C1A81009EC015 /* BrandCarDecodableEntityTests.swift */,
				34C893CF1F3C01B10023D3E9 /* BrandDecodableEntityTests.swift */,
				3417A9241F3C1E9E009EC015 /* CarDecodableEntityTests.swift */,
			);
			path = Entities;
			sourceTree = "<group>";
		};
		3405D3D11F3F76040030F30C /* Common */ = {
			isa = PBXGroup;
			children = (
				3421EA791F4BA06A00647B1D /* Network */,
				34FC49D31F4B1A5A00A8AA27 /* Views */,
				34A5C9BB1F4AF837001185B8 /* Constants */,
				3437C30E1F4A03D3005F4537 /* CellDescriptor.swift */,
				3405D3B81F3E7EEB0030F30C /* CompletionHandler.swift */,
				34B2E5931F3F91E30059E597 /* EmptyPresenter.swift */,
				3437C30C1F4A006B005F4537 /* GenericDataProvider.swift */,
				3404AE0E1F489A8F00AFCF62 /* Log.swift */,
				3405D3B31F3E7E650030F30C /* Result.swift */,
			);
			path = Common;
			sourceTree = "<group>";
		};
		3405D3F71F3F870C0030F30C /* Doubles */ = {
			isa = PBXGroup;
			children = (
				34D37AE51F4DC3E500DB87A1 /* Errors */,
				34AECA641F4C9EF9005FDCFF /* Networks */,
				34B3F5131F3F8E160067A5B3 /* Gateways */,
				3405D3F81F3F87240030F30C /* Json */,
				34B3F5121F3F8E120067A5B3 /* Presenters */,
			);
			path = Doubles;
			sourceTree = "<group>";
		};
		3405D3F81F3F87240030F30C /* Json */ = {
			isa = PBXGroup;
			children = (
				3417A91D1F3C19B7009EC015 /* BrandCars.json */,
				34C893D21F3C01B10023D3E9 /* Brands.json */,
				3417A9261F3C1EE4009EC015 /* Cars.json */,
				34D37AE11F4DC33200DB87A1 /* Invalid.json */,
			);
			path = Json;
			sourceTree = "<group>";
		};
		3421EA761F4B9E0400647B1D /* Gateways */ = {
			isa = PBXGroup;
			children = (
				3421EA771F4B9E4400647B1D /* ListBrandNetworkGateway.swift */,
				3421EA7C1F4BA6CE00647B1D /* ListCarsByBrandNetworkGateway.swift */,
				34E774841F4BA8F700C1ADFB /* DetailCarNetworkGateway.swift */,
			);
			path = Gateways;
			sourceTree = "<group>";
		};
		3421EA791F4BA06A00647B1D /* Network */ = {
			isa = PBXGroup;
			children = (
				3421EA7A1F4BA08600647B1D /* GetRequest.swift */,
			);
			path = Network;
			sourceTree = "<group>";
		};
		34663DB11F46294100715D01 /* Controllers */ = {
			isa = PBXGroup;
			children = (
				34663DB21F4629AA00715D01 /* CreateCarController.swift */,
				349D06051F49FD8200526ABC /* ChooseBrandController.swift */,
				344721511F4B004E009BF58B /* ChooseCarByBrandController.swift */,
				3457FA281F4B0ACF00E4747F /* ShowCarController.swift */,
			);
			path = Controllers;
			sourceTree = "<group>";
		};
		34663DB41F4629C500715D01 /* Views */ = {
			isa = PBXGroup;
			children = (
				34663DB51F462A3600715D01 /* CarFormView.swift */,
				349D06071F49FDD700526ABC /* ChooseBrandView.swift */,
				344721531F4B006D009BF58B /* ChooseCarByBrandView.swift */,
				3457FA2A1F4B0C9D00E4747F /* ShowCarView.swift */,
			);
			path = Views;
			sourceTree = "<group>";
		};
		3469A3341F3BFF67004A0934 = {
			isa = PBXGroup;
			children = (
				3469A33F1F3BFF67004A0934 /* Carbrito */,
				3469A3581F3C004B004A0934 /* CarbritoUnitTests */,
				3469A33E1F3BFF67004A0934 /* Products */,
				7CCF1B5F292DCF4104FC36DF /* Pods */,
				D56DA22B0F7372087BD363A8 /* Frameworks */,
			);
			sourceTree = "<group>";
		};
		3469A33E1F3BFF67004A0934 /* Products */ = {
			isa = PBXGroup;
			children = (
				3469A33D1F3BFF67004A0934 /* Carbrito.app */,
				3469A3571F3C004B004A0934 /* CarbritoUnitTests.xctest */,
			);
			name = Products;
			sourceTree = "<group>";
		};
		3469A33F1F3BFF67004A0934 /* Carbrito */ = {
			isa = PBXGroup;
			children = (
				3405D3C71F3F754F0030F30C /* Cars */,
				3469A3521F3BFF81004A0934 /* Essentials */,
				3405D3D11F3F76040030F30C /* Common */,
			);
			path = Carbrito;
			sourceTree = "<group>";
		};
		3469A3521F3BFF81004A0934 /* Essentials */ = {
			isa = PBXGroup;
			children = (
				3469A3401F3BFF67004A0934 /* AppDelegate.swift */,
				3469A3471F3BFF67004A0934 /* Assets.xcassets */,
				3469A34C1F3BFF67004A0934 /* Info.plist */,
				3469A3491F3BFF67004A0934 /* LaunchScreen.storyboard */,
			);
			path = Essentials;
			sourceTree = "<group>";
		};
		3469A3581F3C004B004A0934 /* CarbritoUnitTests */ = {
			isa = PBXGroup;
			children = (
				3405D3CB1F3F75840030F30C /* Cars */,
				34C893BF1F3C01190023D3E9 /* Essentials */,
			);
			path = CarbritoUnitTests;
			sourceTree = "<group>";
		};
		349D05FF1F49FBF500526ABC /* Routers */ = {
			isa = PBXGroup;
			children = (
				349D05FB1F49FB4500526ABC /* RootNavigationViewControllerRouterFactory.swift */,
			);
			path = Routers;
			sourceTree = "<group>";
		};
		349D06011F49FBFF00526ABC /* Views */ = {
			isa = PBXGroup;
			children = (
				3404AE201F48BA6F00AFCF62 /* FormButtonFactory.swift */,
			);
			path = Views;
			sourceTree = "<group>";
		};
		349D06021F49FC0700526ABC /* Controllers */ = {
			isa = PBXGroup;
			children = (
				349D06031F49FC1400526ABC /* CreateCarControllerFactory.swift */,
			);
			path = Controllers;
			sourceTree = "<group>";
		};
		34A5C9BB1F4AF837001185B8 /* Constants */ = {
			isa = PBXGroup;
			children = (
				3404AE131F48A60E00AFCF62 /* String+Constant.swift */,
				3404AE1D1F48B50A00AFCF62 /* UIColor+Constant.swift */,
			);
			path = Constants;
			sourceTree = "<group>";
		};
		34A5C9BC1F4AF8C0001185B8 /* Fakes */ = {
			isa = PBXGroup;
			children = (
				34A5C9BD1F4AF8D0001185B8 /* ListBrandFakeGateway.swift */,
				3457FA261F4B01D200E4747F /* ListCarsByBrandFakeGateway.swift */,
				3457FA301F4B16BD00E4747F /* DetailCarFakeGateway.swift */,
			);
			path = Fakes;
			sourceTree = "<group>";
		};
		34A5C9BF1F4AFA2F001185B8 /* Gateways */ = {
			isa = PBXGroup;
			children = (
				34A5C9C01F4AFA4B001185B8 /* ListBrandGatewayFactory.swift */,
				3457FA241F4B01C700E4747F /* ListCarsByBrandGatewayFactory.swift */,
				3457FA2E1F4B16AE00E4747F /* DetailCarGatewayFactory.swift */,
			);
			path = Gateways;
			sourceTree = "<group>";
		};
		34A5C9C21F4AFA75001185B8 /* Usecases */ = {
			isa = PBXGroup;
			children = (
				34A5C9C31F4AFA82001185B8 /* ListBrandsUsecaseFactory.swift */,
				3457FA221F4B01AE00E4747F /* ListCarsByBrandUsecaseFactory.swift */,
				3457FA2C1F4B169000E4747F /* DetailCarUsecaseFactory.swift */,
			);
			path = Usecases;
			sourceTree = "<group>";
		};
		34AECA611F4C9ADD005FDCFF /* Gateways */ = {
			isa = PBXGroup;
			children = (
				34AECA621F4C9AF6005FDCFF /* ListBrandNetworkGatewayTests.swift */,
			);
			path = Gateways;
			sourceTree = "<group>";
		};
		34AECA641F4C9EF9005FDCFF /* Networks */ = {
			isa = PBXGroup;
			children = (
				34AECA651F4C9F14005FDCFF /* GetFakeRequest.swift */,
			);
			path = Networks;
			sourceTree = "<group>";
		};
		34B3F5041F3F8BF80067A5B3 /* Usecases */ = {
			isa = PBXGroup;
			children = (
				34B3F5091F3F8C4F0067A5B3 /* DetailCarUsecase.swift */,
				3405D3BC1F3E7F960030F30C /* ListBrandsUsecase.swift */,
				3405D3DE1F3F7E1D0030F30C /* ListCarsByBrandUsecase.swift */,
			);
			path = Usecases;
			sourceTree = "<group>";
		};
		34B3F5051F3F8BFC0067A5B3 /* Gateways */ = {
			isa = PBXGroup;
			children = (
				34B3F50B1F3F8CEB0067A5B3 /* DetailCarGateway.swift */,
				3405D3BA1F3E7F340030F30C /* ListBrandGateway.swift */,
				3405D3E21F3F7FF60030F30C /* ListCarsByBrandGateway.swift */,
			);
			path = Gateways;
			sourceTree = "<group>";
		};
		34B3F5061F3F8C010067A5B3 /* Presenters */ = {
			isa = PBXGroup;
			children = (
				34B3F50D1F3F8D430067A5B3 /* DetailCarPresenter.swift */,
				3405D3BF1F3E80C80030F30C /* ListBrandPresenter.swift */,
				3405D3E41F3F80000030F30C /* ListCarsByBrandPresenter.swift */,
			);
			path = Presenters;
			sourceTree = "<group>";
		};
		34B3F50F1F3F8DF60067A5B3 /* Usecases */ = {
			isa = PBXGroup;
			children = (
				34B3F5101F3F8E050067A5B3 /* DetailCarUsecaseTests.swift */,
				3405D3D31F3F787F0030F30C /* ListBrandsUsecaseTests.swift */,
				3405D3ED1F3F82EC0030F30C /* ListCarsByBrandUsecaseTests.swift */,
			);
			path = Usecases;
			sourceTree = "<group>";
		};
		34B3F5121F3F8E120067A5B3 /* Presenters */ = {
			isa = PBXGroup;
			children = (
				34B3F5171F3F8E7D0067A5B3 /* DetailCarStubPresenter.swift */,
				3405D3D91F3F79620030F30C /* ListBrandStubPresenter.swift */,
				3405D3F41F3F84FF0030F30C /* ListCarsByBrandStubPresenter.swift */,
			);
			path = Presenters;
			sourceTree = "<group>";
		};
		34B3F5131F3F8E160067A5B3 /* Gateways */ = {
			isa = PBXGroup;
			children = (
				34B3F5151F3F8E2D0067A5B3 /* DetailCarStubGateway.swift */,
				3405D3D71F3F78B60030F30C /* ListBrandStubGateway.swift */,
				3405D3F01F3F83580030F30C /* ListCarsByBrandStubGateway.swift */,
			);
			path = Gateways;
			sourceTree = "<group>";
		};
		34C893BF1F3C01190023D3E9 /* Essentials */ = {
			isa = PBXGroup;
			children = (
				34C893C51F3C01A10023D3E9 /* Extensions */,
				3469A35B1F3C004B004A0934 /* Info.plist */,
				34D37AE31F4DC3D400DB87A1 /* AnyError.swift */,
			);
			path = Essentials;
			sourceTree = "<group>";
		};
		34C893C51F3C01A10023D3E9 /* Extensions */ = {
			isa = PBXGroup;
			children = (
				34C893C61F3C01A10023D3E9 /* JSONDecoder+Decode.swift */,
				34C893C71F3C01A10023D3E9 /* NSManagedObjectContext+InMemory.swift */,
				34C893C81F3C01A10023D3E9 /* XCTestCase+LoadJson.swift */,
			);
			path = Extensions;
			sourceTree = "<group>";
		};
		34D37AE51F4DC3E500DB87A1 /* Errors */ = {
			isa = PBXGroup;
			children = (
				34D37AE61F4DC3F000DB87A1 /* BrandError.swift */,
			);
			path = Errors;
			sourceTree = "<group>";
		};
		34E774861F4BAEAF00C1ADFB /* Network */ = {
			isa = PBXGroup;
			children = (
				34E774871F4BAEC800C1ADFB /* GetRequestFactory.swift */,
			);
			path = Network;
			sourceTree = "<group>";
		};
		34FC49D31F4B1A5A00A8AA27 /* Views */ = {
			isa = PBXGroup;
			children = (
				34FC49D41F4B1A6D00A8AA27 /* EmptyView.swift */,
			);
			path = Views;
			sourceTree = "<group>";
		};
		7CCF1B5F292DCF4104FC36DF /* Pods */ = {
			isa = PBXGroup;
			children = (
				8D0426DA525E0F404022473B /* Pods-Carbrito.debug.xcconfig */,
				EA7D1E417CAEAC305EB01BCF /* Pods-Carbrito.release.xcconfig */,
				11B73B5841C200D509A097DE /* Pods-CarbritoUnitTests.debug.xcconfig */,
				8470C6C26B910419FBA40EE7 /* Pods-CarbritoUnitTests.release.xcconfig */,
			);
			name = Pods;
			sourceTree = "<group>";
		};
		D56DA22B0F7372087BD363A8 /* Frameworks */ = {
			isa = PBXGroup;
			children = (
				B8A3F1A050E43A3E6488C375 /* Pods_Carbrito.framework */,
				CC4F19906DA209116A9A0FD1 /* Pods_CarbritoUnitTests.framework */,
			);
			name = Frameworks;
			sourceTree = "<group>";
		};
/* End PBXGroup section */

/* Begin PBXNativeTarget section */
		3469A33C1F3BFF67004A0934 /* Carbrito */ = {
			isa = PBXNativeTarget;
			buildConfigurationList = 3469A34F1F3BFF67004A0934 /* Build configuration list for PBXNativeTarget "Carbrito" */;
			buildPhases = (
				F1C8BF7BE8A74F3AC3E6B7CC /* [CP] Check Pods Manifest.lock */,
				3469A3391F3BFF67004A0934 /* Sources */,
				3469A33A1F3BFF67004A0934 /* Frameworks */,
				3469A33B1F3BFF67004A0934 /* Resources */,
				3417A9211F3C1BC1009EC015 /* Swift Lint */,
				85B07D4AB767ABBB6887BBB6 /* [CP] Embed Pods Frameworks */,
				DD038B3F24FEEF0AFBC6C716 /* [CP] Copy Pods Resources */,
			);
			buildRules = (
			);
			dependencies = (
			);
			name = Carbrito;
			productName = Carbrito;
			productReference = 3469A33D1F3BFF67004A0934 /* Carbrito.app */;
			productType = "com.apple.product-type.application";
		};
		3469A3561F3C004B004A0934 /* CarbritoUnitTests */ = {
			isa = PBXNativeTarget;
			buildConfigurationList = 3469A35E1F3C004B004A0934 /* Build configuration list for PBXNativeTarget "CarbritoUnitTests" */;
			buildPhases = (
				AC59834B8C51428CE733626D /* [CP] Check Pods Manifest.lock */,
				3469A3531F3C004B004A0934 /* Sources */,
				3469A3541F3C004B004A0934 /* Frameworks */,
				3469A3551F3C004B004A0934 /* Resources */,
				BE06863B35DE8C02DB0F92B3 /* [CP] Embed Pods Frameworks */,
				490F9F26F525E09658844DB8 /* [CP] Copy Pods Resources */,
			);
			buildRules = (
			);
			dependencies = (
				3469A35D1F3C004B004A0934 /* PBXTargetDependency */,
			);
			name = CarbritoUnitTests;
			productName = CarbritoUnitTests;
			productReference = 3469A3571F3C004B004A0934 /* CarbritoUnitTests.xctest */;
			productType = "com.apple.product-type.bundle.unit-test";
		};
/* End PBXNativeTarget section */

/* Begin PBXProject section */
		3469A3351F3BFF67004A0934 /* Project object */ = {
			isa = PBXProject;
			attributes = {
				LastSwiftUpdateCheck = 0900;
				LastUpgradeCheck = 0900;
				ORGANIZATIONNAME = "Ronan R. Nunes";
				TargetAttributes = {
					3469A33C1F3BFF67004A0934 = {
						CreatedOnToolsVersion = 9.0;
					};
					3469A3561F3C004B004A0934 = {
						CreatedOnToolsVersion = 9.0;
						TestTargetID = 3469A33C1F3BFF67004A0934;
					};
				};
			};
			buildConfigurationList = 3469A3381F3BFF67004A0934 /* Build configuration list for PBXProject "Carbrito" */;
			compatibilityVersion = "Xcode 8.0";
			developmentRegion = en;
			hasScannedForEncodings = 0;
			knownRegions = (
				en,
				Base,
			);
			mainGroup = 3469A3341F3BFF67004A0934;
			productRefGroup = 3469A33E1F3BFF67004A0934 /* Products */;
			projectDirPath = "";
			projectRoot = "";
			targets = (
				3469A33C1F3BFF67004A0934 /* Carbrito */,
				3469A3561F3C004B004A0934 /* CarbritoUnitTests */,
			);
		};
/* End PBXProject section */

/* Begin PBXResourcesBuildPhase section */
		3469A33B1F3BFF67004A0934 /* Resources */ = {
			isa = PBXResourcesBuildPhase;
			buildActionMask = 2147483647;
			files = (
				3469A34B1F3BFF67004A0934 /* LaunchScreen.storyboard in Resources */,
				3469A3481F3BFF67004A0934 /* Assets.xcassets in Resources */,
			);
			runOnlyForDeploymentPostprocessing = 0;
		};
		3469A3551F3C004B004A0934 /* Resources */ = {
			isa = PBXResourcesBuildPhase;
			buildActionMask = 2147483647;
			files = (
				3417A91E1F3C19B7009EC015 /* BrandCars.json in Resources */,
				34C893D41F3C01C70023D3E9 /* Brands.json in Resources */,
				3417A9271F3C1EE4009EC015 /* Cars.json in Resources */,
				34D37AE21F4DC33200DB87A1 /* Invalid.json in Resources */,
			);
			runOnlyForDeploymentPostprocessing = 0;
		};
/* End PBXResourcesBuildPhase section */

/* Begin PBXShellScriptBuildPhase section */
		3417A9211F3C1BC1009EC015 /* Swift Lint */ = {
			isa = PBXShellScriptBuildPhase;
			buildActionMask = 2147483647;
			files = (
			);
			inputPaths = (
			);
			name = "Swift Lint";
			outputPaths = (
			);
			runOnlyForDeploymentPostprocessing = 0;
			shellPath = /bin/sh;
			shellScript = "if which swiftlint >/dev/null; then\n    swiftlint\nelse\n    echo \"Install SwiftLint: https://github.com/realm/SwiftLint\"\nfi";
		};
		490F9F26F525E09658844DB8 /* [CP] Copy Pods Resources */ = {
			isa = PBXShellScriptBuildPhase;
			buildActionMask = 2147483647;
			files = (
			);
			inputPaths = (
			);
			name = "[CP] Copy Pods Resources";
			outputPaths = (
			);
			runOnlyForDeploymentPostprocessing = 0;
			shellPath = /bin/sh;
			shellScript = "\"${SRCROOT}/Pods/Target Support Files/Pods-CarbritoUnitTests/Pods-CarbritoUnitTests-resources.sh\"\n";
			showEnvVarsInLog = 0;
		};
		85B07D4AB767ABBB6887BBB6 /* [CP] Embed Pods Frameworks */ = {
			isa = PBXShellScriptBuildPhase;
			buildActionMask = 2147483647;
			files = (
			);
			inputPaths = (
			);
			name = "[CP] Embed Pods Frameworks";
			outputPaths = (
			);
			runOnlyForDeploymentPostprocessing = 0;
			shellPath = /bin/sh;
			shellScript = "\"${SRCROOT}/Pods/Target Support Files/Pods-Carbrito/Pods-Carbrito-frameworks.sh\"\n";
			showEnvVarsInLog = 0;
		};
		AC59834B8C51428CE733626D /* [CP] Check Pods Manifest.lock */ = {
			isa = PBXShellScriptBuildPhase;
			buildActionMask = 2147483647;
			files = (
			);
			inputPaths = (
			);
			name = "[CP] Check Pods Manifest.lock";
			outputPaths = (
			);
			runOnlyForDeploymentPostprocessing = 0;
			shellPath = /bin/sh;
			shellScript = "diff \"${PODS_PODFILE_DIR_PATH}/Podfile.lock\" \"${PODS_ROOT}/Manifest.lock\" > /dev/null\nif [ $? != 0 ] ; then\n    # print error to STDERR\n    echo \"error: The sandbox is not in sync with the Podfile.lock. Run 'pod install' or update your CocoaPods installation.\" >&2\n    exit 1\nfi\n";
			showEnvVarsInLog = 0;
		};
		BE06863B35DE8C02DB0F92B3 /* [CP] Embed Pods Frameworks */ = {
			isa = PBXShellScriptBuildPhase;
			buildActionMask = 2147483647;
			files = (
			);
			inputPaths = (
			);
			name = "[CP] Embed Pods Frameworks";
			outputPaths = (
			);
			runOnlyForDeploymentPostprocessing = 0;
			shellPath = /bin/sh;
			shellScript = "\"${SRCROOT}/Pods/Target Support Files/Pods-CarbritoUnitTests/Pods-CarbritoUnitTests-frameworks.sh\"\n";
			showEnvVarsInLog = 0;
		};
		DD038B3F24FEEF0AFBC6C716 /* [CP] Copy Pods Resources */ = {
			isa = PBXShellScriptBuildPhase;
			buildActionMask = 2147483647;
			files = (
			);
			inputPaths = (
			);
			name = "[CP] Copy Pods Resources";
			outputPaths = (
			);
			runOnlyForDeploymentPostprocessing = 0;
			shellPath = /bin/sh;
			shellScript = "\"${SRCROOT}/Pods/Target Support Files/Pods-Carbrito/Pods-Carbrito-resources.sh\"\n";
			showEnvVarsInLog = 0;
		};
		F1C8BF7BE8A74F3AC3E6B7CC /* [CP] Check Pods Manifest.lock */ = {
			isa = PBXShellScriptBuildPhase;
			buildActionMask = 2147483647;
			files = (
			);
			inputPaths = (
			);
			name = "[CP] Check Pods Manifest.lock";
			outputPaths = (
			);
			runOnlyForDeploymentPostprocessing = 0;
			shellPath = /bin/sh;
			shellScript = "diff \"${PODS_PODFILE_DIR_PATH}/Podfile.lock\" \"${PODS_ROOT}/Manifest.lock\" > /dev/null\nif [ $? != 0 ] ; then\n    # print error to STDERR\n    echo \"error: The sandbox is not in sync with the Podfile.lock. Run 'pod install' or update your CocoaPods installation.\" >&2\n    exit 1\nfi\n";
			showEnvVarsInLog = 0;
		};
/* End PBXShellScriptBuildPhase section */

/* Begin PBXSourcesBuildPhase section */
		3469A3391F3BFF67004A0934 /* Sources */ = {
			isa = PBXSourcesBuildPhase;
			buildActionMask = 2147483647;
			files = (
				3404AE211F48BA6F00AFCF62 /* FormButtonFactory.swift in Sources */,
				34A5C9BE1F4AF8D0001185B8 /* ListBrandFakeGateway.swift in Sources */,
				34B2E5941F3F91E30059E597 /* EmptyPresenter.swift in Sources */,
				3405D3B41F3E7E650030F30C /* Result.swift in Sources */,
				3405D3BD1F3E7F970030F30C /* ListBrandsUsecase.swift in Sources */,
				3404AE191F48B18D00AFCF62 /* CarsRouter.swift in Sources */,
				349D06061F49FD8200526ABC /* ChooseBrandController.swift in Sources */,
				3421EA781F4B9E4400647B1D /* ListBrandNetworkGateway.swift in Sources */,
				3421EA7B1F4BA08600647B1D /* GetRequest.swift in Sources */,
				3405D3E71F3F80480030F30C /* BrandCar.swift in Sources */,
				34B3F5081F3F8C110067A5B3 /* CarError.swift in Sources */,
				3405D3C01F3E80C80030F30C /* ListBrandPresenter.swift in Sources */,
				3405D3E31F3F7FF60030F30C /* ListCarsByBrandGateway.swift in Sources */,
				344721521F4B004E009BF58B /* ChooseCarByBrandController.swift in Sources */,
				3404AE0F1F489A8F00AFCF62 /* Log.swift in Sources */,
				344721541F4B006D009BF58B /* ChooseCarByBrandView.swift in Sources */,
				3421EA7D1F4BA6CE00647B1D /* ListCarsByBrandNetworkGateway.swift in Sources */,
				3437C30D1F4A006B005F4537 /* GenericDataProvider.swift in Sources */,
				34C893C41F3C01820023D3E9 /* BrandDecodableEntity.swift in Sources */,
				34B3F50E1F3F8D430067A5B3 /* DetailCarPresenter.swift in Sources */,
				34B3F50A1F3F8C4F0067A5B3 /* DetailCarUsecase.swift in Sources */,
				349D05FC1F49FB4500526ABC /* RootNavigationViewControllerRouterFactory.swift in Sources */,
				3405D3B91F3E7EEB0030F30C /* CompletionHandler.swift in Sources */,
				3457FA2B1F4B0C9D00E4747F /* ShowCarView.swift in Sources */,
				3457FA2D1F4B169000E4747F /* DetailCarUsecaseFactory.swift in Sources */,
				3457FA231F4B01AE00E4747F /* ListCarsByBrandUsecaseFactory.swift in Sources */,
				3457FA251F4B01C700E4747F /* ListCarsByBrandGatewayFactory.swift in Sources */,
				3404AE141F48A60E00AFCF62 /* String+Constant.swift in Sources */,
				3405D3BB1F3E7F340030F30C /* ListBrandGateway.swift in Sources */,
				3417A9231F3C1E15009EC015 /* CarDecodableEntity.swift in Sources */,
				3405D3E91F3F809A0030F30C /* BrandCarError.swift in Sources */,
				3405D3DF1F3F7E1D0030F30C /* ListCarsByBrandUsecase.swift in Sources */,
				3404AE1E1F48B50A00AFCF62 /* UIColor+Constant.swift in Sources */,
				34E774881F4BAEC800C1ADFB /* GetRequestFactory.swift in Sources */,
				34E774851F4BA8F700C1ADFB /* DetailCarNetworkGateway.swift in Sources */,
				3405D3B61F3E7E910030F30C /* Brand.swift in Sources */,
				3457FA311F4B16BD00E4747F /* DetailCarFakeGateway.swift in Sources */,
				34B3F5021F3F8BC40067A5B3 /* Car.swift in Sources */,
				3404AE1C1F48B1EE00AFCF62 /* CarsNavigationViewControllerRouter.swift in Sources */,
				34663DB61F462A3600715D01 /* CarFormView.swift in Sources */,
				3405D3E51F3F80000030F30C /* ListCarsByBrandPresenter.swift in Sources */,
				34B3F50C1F3F8CEB0067A5B3 /* DetailCarGateway.swift in Sources */,
				34A5C9C41F4AFA82001185B8 /* ListBrandsUsecaseFactory.swift in Sources */,
				34A5C9C11F4AFA4B001185B8 /* ListBrandGatewayFactory.swift in Sources */,
				34663DB31F4629AA00715D01 /* CreateCarController.swift in Sources */,
				3469A3411F3BFF67004A0934 /* AppDelegate.swift in Sources */,
				349D06041F49FC1400526ABC /* CreateCarControllerFactory.swift in Sources */,
				3437C30F1F4A03D3005F4537 /* CellDescriptor.swift in Sources */,
				3457FA291F4B0ACF00E4747F /* ShowCarController.swift in Sources */,
				3457FA2F1F4B16AE00E4747F /* DetailCarGatewayFactory.swift in Sources */,
				349D06081F49FDD700526ABC /* ChooseBrandView.swift in Sources */,
				34FC49D51F4B1A6D00A8AA27 /* EmptyView.swift in Sources */,
				3417A91C1F3C1923009EC015 /* BrandCarDecodableEntity.swift in Sources */,
				3457FA271F4B01D200E4747F /* ListCarsByBrandFakeGateway.swift in Sources */,
				3405D3C31F3F74EC0030F30C /* BrandError.swift in Sources */,
			);
			runOnlyForDeploymentPostprocessing = 0;
		};
		3469A3531F3C004B004A0934 /* Sources */ = {
			isa = PBXSourcesBuildPhase;
			buildActionMask = 2147483647;
			files = (
				3405D3D81F3F78B60030F30C /* ListBrandStubGateway.swift in Sources */,
				34AECA661F4C9F14005FDCFF /* GetFakeRequest.swift in Sources */,
				3405D3EE1F3F82EC0030F30C /* ListCarsByBrandUsecaseTests.swift in Sources */,
				34D37AE71F4DC3F000DB87A1 /* BrandError.swift in Sources */,
				34D37AE41F4DC3D400DB87A1 /* AnyError.swift in Sources */,
				34B3F5181F3F8E7D0067A5B3 /* DetailCarStubPresenter.swift in Sources */,
				34B3F5161F3F8E2D0067A5B3 /* DetailCarStubGateway.swift in Sources */,
				3405D3DA1F3F79620030F30C /* ListBrandStubPresenter.swift in Sources */,
				34C893D31F3C01B90023D3E9 /* BrandDecodableEntityTests.swift in Sources */,
				34C893C91F3C01A70023D3E9 /* JSONDecoder+Decode.swift in Sources */,
				3417A9201F3C1A81009EC015 /* BrandCarDecodableEntityTests.swift in Sources */,
				3405D3F51F3F84FF0030F30C /* ListCarsByBrandStubPresenter.swift in Sources */,
				3405D3D41F3F787F0030F30C /* ListBrandsUsecaseTests.swift in Sources */,
				34C893CB1F3C01A70023D3E9 /* XCTestCase+LoadJson.swift in Sources */,
				34AECA631F4C9AF6005FDCFF /* ListBrandNetworkGatewayTests.swift in Sources */,
				34B3F5111F3F8E050067A5B3 /* DetailCarUsecaseTests.swift in Sources */,
				34C893CA1F3C01A70023D3E9 /* NSManagedObjectContext+InMemory.swift in Sources */,
				3417A9251F3C1E9E009EC015 /* CarDecodableEntityTests.swift in Sources */,
				3405D3F11F3F83580030F30C /* ListCarsByBrandStubGateway.swift in Sources */,
			);
			runOnlyForDeploymentPostprocessing = 0;
		};
/* End PBXSourcesBuildPhase section */

/* Begin PBXTargetDependency section */
		3469A35D1F3C004B004A0934 /* PBXTargetDependency */ = {
			isa = PBXTargetDependency;
			target = 3469A33C1F3BFF67004A0934 /* Carbrito */;
			targetProxy = 3469A35C1F3C004B004A0934 /* PBXContainerItemProxy */;
		};
/* End PBXTargetDependency section */

/* Begin PBXVariantGroup section */
		3469A3491F3BFF67004A0934 /* LaunchScreen.storyboard */ = {
			isa = PBXVariantGroup;
			children = (
				3469A34A1F3BFF67004A0934 /* Base */,
			);
			name = LaunchScreen.storyboard;
			sourceTree = "<group>";
		};
/* End PBXVariantGroup section */

/* Begin XCBuildConfiguration section */
		3469A34D1F3BFF67004A0934 /* Debug */ = {
			isa = XCBuildConfiguration;
			buildSettings = {
				ALWAYS_SEARCH_USER_PATHS = NO;
				CLANG_ANALYZER_NONNULL = YES;
				CLANG_ANALYZER_NUMBER_OBJECT_CONVERSION = YES_AGGRESSIVE;
				CLANG_CXX_LANGUAGE_STANDARD = "gnu++14";
				CLANG_CXX_LIBRARY = "libc++";
				CLANG_ENABLE_MODULES = YES;
				CLANG_ENABLE_OBJC_ARC = YES;
				CLANG_WARN_BLOCK_CAPTURE_AUTORELEASING = YES;
				CLANG_WARN_BOOL_CONVERSION = YES;
				CLANG_WARN_COMMA = YES;
				CLANG_WARN_CONSTANT_CONVERSION = YES;
				CLANG_WARN_DIRECT_OBJC_ISA_USAGE = YES_ERROR;
				CLANG_WARN_DOCUMENTATION_COMMENTS = YES;
				CLANG_WARN_EMPTY_BODY = YES;
				CLANG_WARN_ENUM_CONVERSION = YES;
				CLANG_WARN_INFINITE_RECURSION = YES;
				CLANG_WARN_INT_CONVERSION = YES;
				CLANG_WARN_NON_LITERAL_NULL_CONVERSION = YES;
				CLANG_WARN_OBJC_LITERAL_CONVERSION = YES;
				CLANG_WARN_OBJC_ROOT_CLASS = YES_ERROR;
				CLANG_WARN_RANGE_LOOP_ANALYSIS = YES;
				CLANG_WARN_STRICT_PROTOTYPES = YES;
				CLANG_WARN_SUSPICIOUS_MOVE = YES;
				CLANG_WARN_UNGUARDED_AVAILABILITY = YES_AGGRESSIVE;
				CLANG_WARN_UNREACHABLE_CODE = YES;
				CLANG_WARN__DUPLICATE_METHOD_MATCH = YES;
				CODE_SIGN_IDENTITY = "iPhone Developer";
				COPY_PHASE_STRIP = NO;
				DEBUG_INFORMATION_FORMAT = dwarf;
				ENABLE_STRICT_OBJC_MSGSEND = YES;
				ENABLE_TESTABILITY = YES;
				GCC_C_LANGUAGE_STANDARD = gnu11;
				GCC_DYNAMIC_NO_PIC = NO;
				GCC_NO_COMMON_BLOCKS = YES;
				GCC_OPTIMIZATION_LEVEL = 0;
				GCC_PREPROCESSOR_DEFINITIONS = (
					"DEBUG=1",
					"$(inherited)",
				);
				GCC_WARN_64_TO_32_BIT_CONVERSION = YES;
				GCC_WARN_ABOUT_RETURN_TYPE = YES_ERROR;
				GCC_WARN_UNDECLARED_SELECTOR = YES;
				GCC_WARN_UNINITIALIZED_AUTOS = YES_AGGRESSIVE;
				GCC_WARN_UNUSED_FUNCTION = YES;
				GCC_WARN_UNUSED_VARIABLE = YES;
				IPHONEOS_DEPLOYMENT_TARGET = 11.0;
				MTL_ENABLE_DEBUG_INFO = YES;
				ONLY_ACTIVE_ARCH = YES;
				SDKROOT = iphoneos;
				SWIFT_ACTIVE_COMPILATION_CONDITIONS = DEBUG;
				SWIFT_OPTIMIZATION_LEVEL = "-Onone";
			};
			name = Debug;
		};
		3469A34E1F3BFF67004A0934 /* Release */ = {
			isa = XCBuildConfiguration;
			buildSettings = {
				ALWAYS_SEARCH_USER_PATHS = NO;
				CLANG_ANALYZER_NONNULL = YES;
				CLANG_ANALYZER_NUMBER_OBJECT_CONVERSION = YES_AGGRESSIVE;
				CLANG_CXX_LANGUAGE_STANDARD = "gnu++14";
				CLANG_CXX_LIBRARY = "libc++";
				CLANG_ENABLE_MODULES = YES;
				CLANG_ENABLE_OBJC_ARC = YES;
				CLANG_WARN_BLOCK_CAPTURE_AUTORELEASING = YES;
				CLANG_WARN_BOOL_CONVERSION = YES;
				CLANG_WARN_COMMA = YES;
				CLANG_WARN_CONSTANT_CONVERSION = YES;
				CLANG_WARN_DIRECT_OBJC_ISA_USAGE = YES_ERROR;
				CLANG_WARN_DOCUMENTATION_COMMENTS = YES;
				CLANG_WARN_EMPTY_BODY = YES;
				CLANG_WARN_ENUM_CONVERSION = YES;
				CLANG_WARN_INFINITE_RECURSION = YES;
				CLANG_WARN_INT_CONVERSION = YES;
				CLANG_WARN_NON_LITERAL_NULL_CONVERSION = YES;
				CLANG_WARN_OBJC_LITERAL_CONVERSION = YES;
				CLANG_WARN_OBJC_ROOT_CLASS = YES_ERROR;
				CLANG_WARN_RANGE_LOOP_ANALYSIS = YES;
				CLANG_WARN_STRICT_PROTOTYPES = YES;
				CLANG_WARN_SUSPICIOUS_MOVE = YES;
				CLANG_WARN_UNGUARDED_AVAILABILITY = YES_AGGRESSIVE;
				CLANG_WARN_UNREACHABLE_CODE = YES;
				CLANG_WARN__DUPLICATE_METHOD_MATCH = YES;
				CODE_SIGN_IDENTITY = "iPhone Developer";
				COPY_PHASE_STRIP = NO;
				DEBUG_INFORMATION_FORMAT = "dwarf-with-dsym";
				ENABLE_NS_ASSERTIONS = NO;
				ENABLE_STRICT_OBJC_MSGSEND = YES;
				GCC_C_LANGUAGE_STANDARD = gnu11;
				GCC_NO_COMMON_BLOCKS = YES;
				GCC_WARN_64_TO_32_BIT_CONVERSION = YES;
				GCC_WARN_ABOUT_RETURN_TYPE = YES_ERROR;
				GCC_WARN_UNDECLARED_SELECTOR = YES;
				GCC_WARN_UNINITIALIZED_AUTOS = YES_AGGRESSIVE;
				GCC_WARN_UNUSED_FUNCTION = YES;
				GCC_WARN_UNUSED_VARIABLE = YES;
				IPHONEOS_DEPLOYMENT_TARGET = 11.0;
				MTL_ENABLE_DEBUG_INFO = NO;
				SDKROOT = iphoneos;
				SWIFT_OPTIMIZATION_LEVEL = "-Owholemodule";
				VALIDATE_PRODUCT = YES;
			};
			name = Release;
		};
		3469A3501F3BFF67004A0934 /* Debug */ = {
			isa = XCBuildConfiguration;
			baseConfigurationReference = 8D0426DA525E0F404022473B /* Pods-Carbrito.debug.xcconfig */;
			buildSettings = {
				ASSETCATALOG_COMPILER_APPICON_NAME = AppIcon;
				INFOPLIST_FILE = "$(SRCROOT)/Carbrito/Essentials/Info.plist";
				LD_RUNPATH_SEARCH_PATHS = "$(inherited) @executable_path/Frameworks";
				PRODUCT_BUNDLE_IDENTIFIER = com.ronanrodrigo.Carbrito;
				PRODUCT_NAME = "$(TARGET_NAME)";
				SWIFT_VERSION = 4.0;
				TARGETED_DEVICE_FAMILY = "1,2";
			};
			name = Debug;
		};
		3469A3511F3BFF67004A0934 /* Release */ = {
			isa = XCBuildConfiguration;
			baseConfigurationReference = EA7D1E417CAEAC305EB01BCF /* Pods-Carbrito.release.xcconfig */;
			buildSettings = {
				ASSETCATALOG_COMPILER_APPICON_NAME = AppIcon;
				INFOPLIST_FILE = "$(SRCROOT)/Carbrito/Essentials/Info.plist";
				LD_RUNPATH_SEARCH_PATHS = "$(inherited) @executable_path/Frameworks";
				PRODUCT_BUNDLE_IDENTIFIER = com.ronanrodrigo.Carbrito;
				PRODUCT_NAME = "$(TARGET_NAME)";
				SWIFT_VERSION = 4.0;
				TARGETED_DEVICE_FAMILY = "1,2";
			};
			name = Release;
		};
		3469A35F1F3C004B004A0934 /* Debug */ = {
			isa = XCBuildConfiguration;
			baseConfigurationReference = 11B73B5841C200D509A097DE /* Pods-CarbritoUnitTests.debug.xcconfig */;
			buildSettings = {
				BUNDLE_LOADER = "$(TEST_HOST)";
				INFOPLIST_FILE = CarbritoUnitTests/Essentials/Info.plist;
				LD_RUNPATH_SEARCH_PATHS = "$(inherited) @executable_path/Frameworks @loader_path/Frameworks";
				PRODUCT_BUNDLE_IDENTIFIER = com.ronanrodrigo.CarbritoUnitTests;
				PRODUCT_NAME = "$(TARGET_NAME)";
				SWIFT_VERSION = 4.0;
				TARGETED_DEVICE_FAMILY = "1,2";
				TEST_HOST = "$(BUILT_PRODUCTS_DIR)/Carbrito.app/Carbrito";
			};
			name = Debug;
		};
		3469A3601F3C004B004A0934 /* Release */ = {
			isa = XCBuildConfiguration;
			baseConfigurationReference = 8470C6C26B910419FBA40EE7 /* Pods-CarbritoUnitTests.release.xcconfig */;
			buildSettings = {
				BUNDLE_LOADER = "$(TEST_HOST)";
				INFOPLIST_FILE = CarbritoUnitTests/Essentials/Info.plist;
				LD_RUNPATH_SEARCH_PATHS = "$(inherited) @executable_path/Frameworks @loader_path/Frameworks";
				PRODUCT_BUNDLE_IDENTIFIER = com.ronanrodrigo.CarbritoUnitTests;
				PRODUCT_NAME = "$(TARGET_NAME)";
				SWIFT_VERSION = 4.0;
				TARGETED_DEVICE_FAMILY = "1,2";
				TEST_HOST = "$(BUILT_PRODUCTS_DIR)/Carbrito.app/Carbrito";
			};
			name = Release;
		};
/* End XCBuildConfiguration section */

/* Begin XCConfigurationList section */
		3469A3381F3BFF67004A0934 /* Build configuration list for PBXProject "Carbrito" */ = {
			isa = XCConfigurationList;
			buildConfigurations = (
				3469A34D1F3BFF67004A0934 /* Debug */,
				3469A34E1F3BFF67004A0934 /* Release */,
			);
			defaultConfigurationIsVisible = 0;
			defaultConfigurationName = Release;
		};
		3469A34F1F3BFF67004A0934 /* Build configuration list for PBXNativeTarget "Carbrito" */ = {
			isa = XCConfigurationList;
			buildConfigurations = (
				3469A3501F3BFF67004A0934 /* Debug */,
				3469A3511F3BFF67004A0934 /* Release */,
			);
			defaultConfigurationIsVisible = 0;
			defaultConfigurationName = Release;
		};
		3469A35E1F3C004B004A0934 /* Build configuration list for PBXNativeTarget "CarbritoUnitTests" */ = {
			isa = XCConfigurationList;
			buildConfigurations = (
				3469A35F1F3C004B004A0934 /* Debug */,
				3469A3601F3C004B004A0934 /* Release */,
			);
			defaultConfigurationIsVisible = 0;
			defaultConfigurationName = Release;
		};
/* End XCConfigurationList section */
	};
	rootObject = 3469A3351F3BFF67004A0934 /* Project object */;
}
